// !$*UTF8*$!
{
	archiveVersion = 1;
	classes = {
	};
	objectVersion = 56;
	objects = {

/* Begin PBXBuildFile section */
		F825F53B2C488F0600875D18 /* ProfileHeaderView.swift in Sources */ = {isa = PBXBuildFile; fileRef = F825F53A2C488F0600875D18 /* ProfileHeaderView.swift */; };
		F825F53D2C488F3600875D18 /* FollowersGroupBoxView.swift in Sources */ = {isa = PBXBuildFile; fileRef = F825F53C2C488F3600875D18 /* FollowersGroupBoxView.swift */; };
		F825F53F2C488F5400875D18 /* ReposGroupBoxView.swift in Sources */ = {isa = PBXBuildFile; fileRef = F825F53E2C488F5300875D18 /* ReposGroupBoxView.swift */; };
		F8804A372C217B1200157411 /* SearchView.swift in Sources */ = {isa = PBXBuildFile; fileRef = F8804A362C217B1200157411 /* SearchView.swift */; };
		F8AFE6552C43193D00A530C1 /* GithubFollowersModel.swift in Sources */ = {isa = PBXBuildFile; fileRef = F8AFE6542C43193D00A530C1 /* GithubFollowersModel.swift */; };
		F8AFE6582C44336400A530C1 /* UserNetworkService+Fake.swift in Sources */ = {isa = PBXBuildFile; fileRef = F8AFE6572C44336400A530C1 /* UserNetworkService+Fake.swift */; };
		F8AFE6E32C44368600A530C1 /* ImageLoader+Fake.swift in Sources */ = {isa = PBXBuildFile; fileRef = F8AFE6E22C44368600A530C1 /* ImageLoader+Fake.swift */; };
		F8AFE6E52C45436200A530C1 /* AppEnvironment.swift in Sources */ = {isa = PBXBuildFile; fileRef = F8AFE6E42C45435F00A530C1 /* AppEnvironment.swift */; };
		F8AFE6E72C46D22A00A530C1 /* ProfileView.swift in Sources */ = {isa = PBXBuildFile; fileRef = F8AFE6E62C46D22A00A530C1 /* ProfileView.swift */; };
		F8F25A312C21A61000571AC1 /* GFCommon.framework in Frameworks */ = {isa = PBXBuildFile; fileRef = F8F25A302C21A61000571AC1 /* GFCommon.framework */; };
		F8F25A322C21A61000571AC1 /* GFCommon.framework in Embed Frameworks */ = {isa = PBXBuildFile; fileRef = F8F25A302C21A61000571AC1 /* GFCommon.framework */; settings = {ATTRIBUTES = (CodeSignOnCopy, RemoveHeadersOnCopy, ); }; };
		F8F25A352C21A62600571AC1 /* GFNetwork.framework in Frameworks */ = {isa = PBXBuildFile; fileRef = F8F25A342C21A62600571AC1 /* GFNetwork.framework */; };
		F8F25A362C21A62600571AC1 /* GFNetwork.framework in Embed Frameworks */ = {isa = PBXBuildFile; fileRef = F8F25A342C21A62600571AC1 /* GFNetwork.framework */; settings = {ATTRIBUTES = (CodeSignOnCopy, RemoveHeadersOnCopy, ); }; };
		F8F25A382C21A70F00571AC1 /* SearchResultView.swift in Sources */ = {isa = PBXBuildFile; fileRef = F8F25A372C21A70F00571AC1 /* SearchResultView.swift */; };
		F8F25A3A2C21AA2300571AC1 /* FollowerGridItemView.swift in Sources */ = {isa = PBXBuildFile; fileRef = F8F25A392C21AA2300571AC1 /* FollowerGridItemView.swift */; };
		F8F62F782AEE530A00AD7559 /* App.swift in Sources */ = {isa = PBXBuildFile; fileRef = F8F62F772AEE530A00AD7559 /* App.swift */; };
		F8F62F7A2AEE530A00AD7559 /* MainTabView.swift in Sources */ = {isa = PBXBuildFile; fileRef = F8F62F792AEE530A00AD7559 /* MainTabView.swift */; };
		F8F62F7C2AEE530B00AD7559 /* Assets.xcassets in Resources */ = {isa = PBXBuildFile; fileRef = F8F62F7B2AEE530B00AD7559 /* Assets.xcassets */; };
		F8F62F7F2AEE530B00AD7559 /* Preview Assets.xcassets in Resources */ = {isa = PBXBuildFile; fileRef = F8F62F7E2AEE530B00AD7559 /* Preview Assets.xcassets */; };
		F8F62F892AEE530B00AD7559 /* GitHubFollowersSwiftUITests.swift in Sources */ = {isa = PBXBuildFile; fileRef = F8F62F882AEE530B00AD7559 /* GitHubFollowersSwiftUITests.swift */; };
		F8F62FD12AEE545600AD7559 /* User.swift in Sources */ = {isa = PBXBuildFile; fileRef = F8F62FC92AEE545600AD7559 /* User.swift */; };
		F8F62FD22AEE545600AD7559 /* Follower.swift in Sources */ = {isa = PBXBuildFile; fileRef = F8F62FCA2AEE545600AD7559 /* Follower.swift */; };
		F8F62FD32AEE545600AD7559 /* UserNetworkService.swift in Sources */ = {isa = PBXBuildFile; fileRef = F8F62FCB2AEE545600AD7559 /* UserNetworkService.swift */; };
		F8F62FD72AEE59B000AD7559 /* PrimaryButtonStyle.swift in Sources */ = {isa = PBXBuildFile; fileRef = F8F62FD62AEE59B000AD7559 /* PrimaryButtonStyle.swift */; };
/* End PBXBuildFile section */

/* Begin PBXContainerItemProxy section */
		F8F62F852AEE530B00AD7559 /* PBXContainerItemProxy */ = {
			isa = PBXContainerItemProxy;
			containerPortal = F8F62F6C2AEE530A00AD7559 /* Project object */;
			proxyType = 1;
			remoteGlobalIDString = F8F62F732AEE530A00AD7559;
			remoteInfo = GitHubFollowersSwiftUI;
		};
/* End PBXContainerItemProxy section */

/* Begin PBXCopyFilesBuildPhase section */
		F8F25A332C21A61000571AC1 /* Embed Frameworks */ = {
			isa = PBXCopyFilesBuildPhase;
			buildActionMask = 2147483647;
			dstPath = "";
			dstSubfolderSpec = 10;
			files = (
				F8F25A362C21A62600571AC1 /* GFNetwork.framework in Embed Frameworks */,
				F8F25A322C21A61000571AC1 /* GFCommon.framework in Embed Frameworks */,
			);
			name = "Embed Frameworks";
			runOnlyForDeploymentPostprocessing = 0;
		};
/* End PBXCopyFilesBuildPhase section */

/* Begin PBXFileReference section */
		F825F53A2C488F0600875D18 /* ProfileHeaderView.swift */ = {isa = PBXFileReference; lastKnownFileType = sourcecode.swift; path = ProfileHeaderView.swift; sourceTree = "<group>"; };
		F825F53C2C488F3600875D18 /* FollowersGroupBoxView.swift */ = {isa = PBXFileReference; lastKnownFileType = sourcecode.swift; path = FollowersGroupBoxView.swift; sourceTree = "<group>"; };
		F825F53E2C488F5300875D18 /* ReposGroupBoxView.swift */ = {isa = PBXFileReference; lastKnownFileType = sourcecode.swift; path = ReposGroupBoxView.swift; sourceTree = "<group>"; };
		F8804A362C217B1200157411 /* SearchView.swift */ = {isa = PBXFileReference; lastKnownFileType = sourcecode.swift; path = SearchView.swift; sourceTree = "<group>"; };
		F8AFE6542C43193D00A530C1 /* GithubFollowersModel.swift */ = {isa = PBXFileReference; lastKnownFileType = sourcecode.swift; path = GithubFollowersModel.swift; sourceTree = "<group>"; };
		F8AFE6572C44336400A530C1 /* UserNetworkService+Fake.swift */ = {isa = PBXFileReference; lastKnownFileType = sourcecode.swift; path = "UserNetworkService+Fake.swift"; sourceTree = "<group>"; };
		F8AFE6E22C44368600A530C1 /* ImageLoader+Fake.swift */ = {isa = PBXFileReference; lastKnownFileType = sourcecode.swift; path = "ImageLoader+Fake.swift"; sourceTree = "<group>"; };
		F8AFE6E42C45435F00A530C1 /* AppEnvironment.swift */ = {isa = PBXFileReference; lastKnownFileType = sourcecode.swift; path = AppEnvironment.swift; sourceTree = "<group>"; };
		F8AFE6E62C46D22A00A530C1 /* ProfileView.swift */ = {isa = PBXFileReference; lastKnownFileType = sourcecode.swift; path = ProfileView.swift; sourceTree = "<group>"; };
		F8F25A302C21A61000571AC1 /* GFCommon.framework */ = {isa = PBXFileReference; explicitFileType = wrapper.framework; path = GFCommon.framework; sourceTree = BUILT_PRODUCTS_DIR; };
		F8F25A342C21A62600571AC1 /* GFNetwork.framework */ = {isa = PBXFileReference; explicitFileType = wrapper.framework; path = GFNetwork.framework; sourceTree = BUILT_PRODUCTS_DIR; };
		F8F25A372C21A70F00571AC1 /* SearchResultView.swift */ = {isa = PBXFileReference; lastKnownFileType = sourcecode.swift; path = SearchResultView.swift; sourceTree = "<group>"; };
		F8F25A392C21AA2300571AC1 /* FollowerGridItemView.swift */ = {isa = PBXFileReference; lastKnownFileType = sourcecode.swift; path = FollowerGridItemView.swift; sourceTree = "<group>"; };
		F8F62F742AEE530A00AD7559 /* GitHubFollowersSwiftUI.app */ = {isa = PBXFileReference; explicitFileType = wrapper.application; includeInIndex = 0; path = GitHubFollowersSwiftUI.app; sourceTree = BUILT_PRODUCTS_DIR; };
		F8F62F772AEE530A00AD7559 /* App.swift */ = {isa = PBXFileReference; lastKnownFileType = sourcecode.swift; path = App.swift; sourceTree = "<group>"; };
		F8F62F792AEE530A00AD7559 /* MainTabView.swift */ = {isa = PBXFileReference; lastKnownFileType = sourcecode.swift; path = MainTabView.swift; sourceTree = "<group>"; };
		F8F62F7B2AEE530B00AD7559 /* Assets.xcassets */ = {isa = PBXFileReference; lastKnownFileType = folder.assetcatalog; path = Assets.xcassets; sourceTree = "<group>"; };
		F8F62F7E2AEE530B00AD7559 /* Preview Assets.xcassets */ = {isa = PBXFileReference; lastKnownFileType = folder.assetcatalog; path = "Preview Assets.xcassets"; sourceTree = "<group>"; };
		F8F62F842AEE530B00AD7559 /* GitHubFollowersSwiftUITests.xctest */ = {isa = PBXFileReference; explicitFileType = wrapper.cfbundle; includeInIndex = 0; path = GitHubFollowersSwiftUITests.xctest; sourceTree = BUILT_PRODUCTS_DIR; };
		F8F62F882AEE530B00AD7559 /* GitHubFollowersSwiftUITests.swift */ = {isa = PBXFileReference; lastKnownFileType = sourcecode.swift; path = GitHubFollowersSwiftUITests.swift; sourceTree = "<group>"; };
		F8F62FC92AEE545600AD7559 /* User.swift */ = {isa = PBXFileReference; fileEncoding = 4; lastKnownFileType = sourcecode.swift; path = User.swift; sourceTree = "<group>"; };
		F8F62FCA2AEE545600AD7559 /* Follower.swift */ = {isa = PBXFileReference; fileEncoding = 4; lastKnownFileType = sourcecode.swift; path = Follower.swift; sourceTree = "<group>"; };
		F8F62FCB2AEE545600AD7559 /* UserNetworkService.swift */ = {isa = PBXFileReference; fileEncoding = 4; lastKnownFileType = sourcecode.swift; path = UserNetworkService.swift; sourceTree = "<group>"; };
		F8F62FD62AEE59B000AD7559 /* PrimaryButtonStyle.swift */ = {isa = PBXFileReference; lastKnownFileType = sourcecode.swift; path = PrimaryButtonStyle.swift; sourceTree = "<group>"; };
/* End PBXFileReference section */

/* Begin PBXFrameworksBuildPhase section */
		F8F62F712AEE530A00AD7559 /* Frameworks */ = {
			isa = PBXFrameworksBuildPhase;
			buildActionMask = 2147483647;
			files = (
				F8F25A352C21A62600571AC1 /* GFNetwork.framework in Frameworks */,
				F8F25A312C21A61000571AC1 /* GFCommon.framework in Frameworks */,
			);
			runOnlyForDeploymentPostprocessing = 0;
		};
		F8F62F812AEE530B00AD7559 /* Frameworks */ = {
			isa = PBXFrameworksBuildPhase;
			buildActionMask = 2147483647;
			files = (
			);
			runOnlyForDeploymentPostprocessing = 0;
		};
/* End PBXFrameworksBuildPhase section */

/* Begin PBXGroup section */
		F825F5392C488EF100875D18 /* Profile */ = {
			isa = PBXGroup;
			children = (
				F8AFE6E62C46D22A00A530C1 /* ProfileView.swift */,
				F825F53A2C488F0600875D18 /* ProfileHeaderView.swift */,
				F825F53C2C488F3600875D18 /* FollowersGroupBoxView.swift */,
				F825F53E2C488F5300875D18 /* ReposGroupBoxView.swift */,
			);
			path = Profile;
			sourceTree = "<group>";
		};
		F8804A382C217B2500157411 /* Common */ = {
			isa = PBXGroup;
			children = (
				F8F62FD82AEE5EFC00AD7559 /* ButtonStyles */,
			);
			path = Common;
			sourceTree = "<group>";
		};
		F8AFE6562C43194300A530C1 /* Models */ = {
			isa = PBXGroup;
			children = (
				F8AFE6542C43193D00A530C1 /* GithubFollowersModel.swift */,
			);
			path = Models;
			sourceTree = "<group>";
		};
		F8F25A2F2C21A61000571AC1 /* Frameworks */ = {
			isa = PBXGroup;
			children = (
				F8F25A342C21A62600571AC1 /* GFNetwork.framework */,
				F8F25A302C21A61000571AC1 /* GFCommon.framework */,
			);
			name = Frameworks;
			sourceTree = "<group>";
		};
		F8F62F6B2AEE530A00AD7559 = {
			isa = PBXGroup;
			children = (
				F8F62F762AEE530A00AD7559 /* GitHubFollowersSwiftUI */,
				F8F62F872AEE530B00AD7559 /* UnitTests */,
				F8F62F752AEE530A00AD7559 /* Products */,
				F8F25A2F2C21A61000571AC1 /* Frameworks */,
			);
			sourceTree = "<group>";
		};
		F8F62F752AEE530A00AD7559 /* Products */ = {
			isa = PBXGroup;
			children = (
				F8F62F742AEE530A00AD7559 /* GitHubFollowersSwiftUI.app */,
				F8F62F842AEE530B00AD7559 /* GitHubFollowersSwiftUITests.xctest */,
			);
			name = Products;
			sourceTree = "<group>";
		};
		F8F62F762AEE530A00AD7559 /* GitHubFollowersSwiftUI */ = {
			isa = PBXGroup;
			children = (
				F8AFE6E42C45435F00A530C1 /* AppEnvironment.swift */,
				F8F62F772AEE530A00AD7559 /* App.swift */,
				F8F62FD52AEE599C00AD7559 /* Views */,
				F8AFE6562C43194300A530C1 /* Models */,
				F8F62FC52AEE545600AD7559 /* Services */,
				F8F62F7B2AEE530B00AD7559 /* Assets.xcassets */,
				F8F62F7D2AEE530B00AD7559 /* Preview Content */,
			);
			path = GitHubFollowersSwiftUI;
			sourceTree = "<group>";
		};
		F8F62F7D2AEE530B00AD7559 /* Preview Content */ = {
			isa = PBXGroup;
			children = (
				F8F62F7E2AEE530B00AD7559 /* Preview Assets.xcassets */,
			);
			path = "Preview Content";
			sourceTree = "<group>";
		};
		F8F62F872AEE530B00AD7559 /* UnitTests */ = {
			isa = PBXGroup;
			children = (
				F8F62F882AEE530B00AD7559 /* GitHubFollowersSwiftUITests.swift */,
			);
			path = UnitTests;
			sourceTree = "<group>";
		};
		F8F62FC52AEE545600AD7559 /* Services */ = {
			isa = PBXGroup;
			children = (
				F8F62FC82AEE545600AD7559 /* Models */,
				F8F62FCB2AEE545600AD7559 /* UserNetworkService.swift */,
				F8AFE6572C44336400A530C1 /* UserNetworkService+Fake.swift */,
				F8AFE6E22C44368600A530C1 /* ImageLoader+Fake.swift */,
			);
			path = Services;
			sourceTree = "<group>";
		};
		F8F62FC82AEE545600AD7559 /* Models */ = {
			isa = PBXGroup;
			children = (
				F8F62FC92AEE545600AD7559 /* User.swift */,
				F8F62FCA2AEE545600AD7559 /* Follower.swift */,
			);
			path = Models;
			sourceTree = "<group>";
		};
		F8F62FD52AEE599C00AD7559 /* Views */ = {
			isa = PBXGroup;
			children = (
				F8804A382C217B2500157411 /* Common */,
				F8F62F792AEE530A00AD7559 /* MainTabView.swift */,
				F8804A362C217B1200157411 /* SearchView.swift */,
				F8F25A372C21A70F00571AC1 /* SearchResultView.swift */,
				F8F25A392C21AA2300571AC1 /* FollowerGridItemView.swift */,
				F825F5392C488EF100875D18 /* Profile */,
			);
			path = Views;
			sourceTree = "<group>";
		};
		F8F62FD82AEE5EFC00AD7559 /* ButtonStyles */ = {
			isa = PBXGroup;
			children = (
				F8F62FD62AEE59B000AD7559 /* PrimaryButtonStyle.swift */,
			);
			path = ButtonStyles;
			sourceTree = "<group>";
		};
/* End PBXGroup section */

/* Begin PBXNativeTarget section */
		F8F62F732AEE530A00AD7559 /* GitHubFollowersSwiftUI */ = {
			isa = PBXNativeTarget;
			buildConfigurationList = F8F62F982AEE530B00AD7559 /* Build configuration list for PBXNativeTarget "GitHubFollowersSwiftUI" */;
			buildPhases = (
				F8F62F702AEE530A00AD7559 /* Sources */,
				F8F62F712AEE530A00AD7559 /* Frameworks */,
				F8F62F722AEE530A00AD7559 /* Resources */,
				F8F25A332C21A61000571AC1 /* Embed Frameworks */,
			);
			buildRules = (
			);
			dependencies = (
			);
			name = GitHubFollowersSwiftUI;
			productName = GitHubFollowersSwiftUI;
			productReference = F8F62F742AEE530A00AD7559 /* GitHubFollowersSwiftUI.app */;
			productType = "com.apple.product-type.application";
		};
		F8F62F832AEE530B00AD7559 /* GitHubFollowersSwiftUITests */ = {
			isa = PBXNativeTarget;
			buildConfigurationList = F8F62F9B2AEE530B00AD7559 /* Build configuration list for PBXNativeTarget "GitHubFollowersSwiftUITests" */;
			buildPhases = (
				F8F62F802AEE530B00AD7559 /* Sources */,
				F8F62F812AEE530B00AD7559 /* Frameworks */,
				F8F62F822AEE530B00AD7559 /* Resources */,
			);
			buildRules = (
			);
			dependencies = (
				F8F62F862AEE530B00AD7559 /* PBXTargetDependency */,
			);
			name = GitHubFollowersSwiftUITests;
			productName = GitHubFollowersSwiftUITests;
			productReference = F8F62F842AEE530B00AD7559 /* GitHubFollowersSwiftUITests.xctest */;
			productType = "com.apple.product-type.bundle.unit-test";
		};
/* End PBXNativeTarget section */

/* Begin PBXProject section */
		F8F62F6C2AEE530A00AD7559 /* Project object */ = {
			isa = PBXProject;
			attributes = {
				BuildIndependentTargetsInParallel = 1;
				LastSwiftUpdateCheck = 1500;
				LastUpgradeCheck = 1600;
				TargetAttributes = {
					F8F62F732AEE530A00AD7559 = {
						CreatedOnToolsVersion = 15.0.1;
					};
					F8F62F832AEE530B00AD7559 = {
						CreatedOnToolsVersion = 15.0.1;
						TestTargetID = F8F62F732AEE530A00AD7559;
					};
				};
			};
			buildConfigurationList = F8F62F6F2AEE530A00AD7559 /* Build configuration list for PBXProject "GitHubFollowersSwiftUI" */;
			compatibilityVersion = "Xcode 14.0";
			developmentRegion = en;
			hasScannedForEncodings = 0;
			knownRegions = (
				en,
				Base,
			);
			mainGroup = F8F62F6B2AEE530A00AD7559;
			packageReferences = (
			);
			productRefGroup = F8F62F752AEE530A00AD7559 /* Products */;
			projectDirPath = "";
			projectRoot = "";
			targets = (
				F8F62F732AEE530A00AD7559 /* GitHubFollowersSwiftUI */,
				F8F62F832AEE530B00AD7559 /* GitHubFollowersSwiftUITests */,
			);
		};
/* End PBXProject section */

/* Begin PBXResourcesBuildPhase section */
		F8F62F722AEE530A00AD7559 /* Resources */ = {
			isa = PBXResourcesBuildPhase;
			buildActionMask = 2147483647;
			files = (
				F8F62F7F2AEE530B00AD7559 /* Preview Assets.xcassets in Resources */,
				F8F62F7C2AEE530B00AD7559 /* Assets.xcassets in Resources */,
			);
			runOnlyForDeploymentPostprocessing = 0;
		};
		F8F62F822AEE530B00AD7559 /* Resources */ = {
			isa = PBXResourcesBuildPhase;
			buildActionMask = 2147483647;
			files = (
			);
			runOnlyForDeploymentPostprocessing = 0;
		};
/* End PBXResourcesBuildPhase section */

/* Begin PBXSourcesBuildPhase section */
		F8F62F702AEE530A00AD7559 /* Sources */ = {
			isa = PBXSourcesBuildPhase;
			buildActionMask = 2147483647;
			files = (
				F8F62F7A2AEE530A00AD7559 /* MainTabView.swift in Sources */,
				F8F25A3A2C21AA2300571AC1 /* FollowerGridItemView.swift in Sources */,
				F8AFE6E32C44368600A530C1 /* ImageLoader+Fake.swift in Sources */,
				F8F25A382C21A70F00571AC1 /* SearchResultView.swift in Sources */,
				F825F53D2C488F3600875D18 /* FollowersGroupBoxView.swift in Sources */,
				F8F62FD22AEE545600AD7559 /* Follower.swift in Sources */,
				F8F62F782AEE530A00AD7559 /* App.swift in Sources */,
				F8804A372C217B1200157411 /* SearchView.swift in Sources */,
				F825F53B2C488F0600875D18 /* ProfileHeaderView.swift in Sources */,
				F8F62FD72AEE59B000AD7559 /* PrimaryButtonStyle.swift in Sources */,
				F8AFE6E52C45436200A530C1 /* AppEnvironment.swift in Sources */,
				F825F53F2C488F5400875D18 /* ReposGroupBoxView.swift in Sources */,
				F8F62FD12AEE545600AD7559 /* User.swift in Sources */,
				F8F62FD32AEE545600AD7559 /* UserNetworkService.swift in Sources */,
				F8AFE6582C44336400A530C1 /* UserNetworkService+Fake.swift in Sources */,
				F8AFE6E72C46D22A00A530C1 /* ProfileView.swift in Sources */,
				F8AFE6552C43193D00A530C1 /* GithubFollowersModel.swift in Sources */,
			);
			runOnlyForDeploymentPostprocessing = 0;
		};
		F8F62F802AEE530B00AD7559 /* Sources */ = {
			isa = PBXSourcesBuildPhase;
			buildActionMask = 2147483647;
			files = (
				F8F62F892AEE530B00AD7559 /* GitHubFollowersSwiftUITests.swift in Sources */,
			);
			runOnlyForDeploymentPostprocessing = 0;
		};
/* End PBXSourcesBuildPhase section */

/* Begin PBXTargetDependency section */
		F8F62F862AEE530B00AD7559 /* PBXTargetDependency */ = {
			isa = PBXTargetDependency;
			target = F8F62F732AEE530A00AD7559 /* GitHubFollowersSwiftUI */;
			targetProxy = F8F62F852AEE530B00AD7559 /* PBXContainerItemProxy */;
		};
/* End PBXTargetDependency section */

/* Begin XCBuildConfiguration section */
		F8F62F962AEE530B00AD7559 /* Debug */ = {
			isa = XCBuildConfiguration;
			buildSettings = {
				ALWAYS_SEARCH_USER_PATHS = NO;
				ASSETCATALOG_COMPILER_GENERATE_SWIFT_ASSET_SYMBOL_EXTENSIONS = YES;
				CLANG_ANALYZER_NONNULL = YES;
				CLANG_ANALYZER_NUMBER_OBJECT_CONVERSION = YES_AGGRESSIVE;
				CLANG_CXX_LANGUAGE_STANDARD = "gnu++20";
				CLANG_ENABLE_MODULES = YES;
				CLANG_ENABLE_OBJC_ARC = YES;
				CLANG_ENABLE_OBJC_WEAK = YES;
				CLANG_WARN_BLOCK_CAPTURE_AUTORELEASING = YES;
				CLANG_WARN_BOOL_CONVERSION = YES;
				CLANG_WARN_COMMA = YES;
				CLANG_WARN_CONSTANT_CONVERSION = YES;
				CLANG_WARN_DEPRECATED_OBJC_IMPLEMENTATIONS = YES;
				CLANG_WARN_DIRECT_OBJC_ISA_USAGE = YES_ERROR;
				CLANG_WARN_DOCUMENTATION_COMMENTS = YES;
				CLANG_WARN_EMPTY_BODY = YES;
				CLANG_WARN_ENUM_CONVERSION = YES;
				CLANG_WARN_INFINITE_RECURSION = YES;
				CLANG_WARN_INT_CONVERSION = YES;
				CLANG_WARN_NON_LITERAL_NULL_CONVERSION = YES;
				CLANG_WARN_OBJC_IMPLICIT_RETAIN_SELF = YES;
				CLANG_WARN_OBJC_LITERAL_CONVERSION = YES;
				CLANG_WARN_OBJC_ROOT_CLASS = YES_ERROR;
				CLANG_WARN_QUOTED_INCLUDE_IN_FRAMEWORK_HEADER = YES;
				CLANG_WARN_RANGE_LOOP_ANALYSIS = YES;
				CLANG_WARN_STRICT_PROTOTYPES = YES;
				CLANG_WARN_SUSPICIOUS_MOVE = YES;
				CLANG_WARN_UNGUARDED_AVAILABILITY = YES_AGGRESSIVE;
				CLANG_WARN_UNREACHABLE_CODE = YES;
				CLANG_WARN__DUPLICATE_METHOD_MATCH = YES;
				COPY_PHASE_STRIP = NO;
				DEBUG_INFORMATION_FORMAT = dwarf;
				ENABLE_STRICT_OBJC_MSGSEND = YES;
				ENABLE_TESTABILITY = YES;
				ENABLE_USER_SCRIPT_SANDBOXING = YES;
				GCC_C_LANGUAGE_STANDARD = gnu17;
				GCC_DYNAMIC_NO_PIC = NO;
				GCC_NO_COMMON_BLOCKS = YES;
				GCC_OPTIMIZATION_LEVEL = 0;
				GCC_PREPROCESSOR_DEFINITIONS = (
					"DEBUG=1",
					"$(inherited)",
				);
				GCC_WARN_64_TO_32_BIT_CONVERSION = YES;
				GCC_WARN_ABOUT_RETURN_TYPE = YES_ERROR;
				GCC_WARN_UNDECLARED_SELECTOR = YES;
				GCC_WARN_UNINITIALIZED_AUTOS = YES_AGGRESSIVE;
				GCC_WARN_UNUSED_FUNCTION = YES;
				GCC_WARN_UNUSED_VARIABLE = YES;
				IPHONEOS_DEPLOYMENT_TARGET = 15.0;
				LOCALIZATION_PREFERS_STRING_CATALOGS = YES;
				MTL_ENABLE_DEBUG_INFO = INCLUDE_SOURCE;
				MTL_FAST_MATH = YES;
				ONLY_ACTIVE_ARCH = YES;
				SDKROOT = iphoneos;
				SWIFT_ACTIVE_COMPILATION_CONDITIONS = "DEBUG $(inherited)";
				SWIFT_OPTIMIZATION_LEVEL = "-Onone";
				SWIFT_VERSION = 6.0;
			};
			name = Debug;
		};
		F8F62F972AEE530B00AD7559 /* Release */ = {
			isa = XCBuildConfiguration;
			buildSettings = {
				ALWAYS_SEARCH_USER_PATHS = NO;
				ASSETCATALOG_COMPILER_GENERATE_SWIFT_ASSET_SYMBOL_EXTENSIONS = YES;
				CLANG_ANALYZER_NONNULL = YES;
				CLANG_ANALYZER_NUMBER_OBJECT_CONVERSION = YES_AGGRESSIVE;
				CLANG_CXX_LANGUAGE_STANDARD = "gnu++20";
				CLANG_ENABLE_MODULES = YES;
				CLANG_ENABLE_OBJC_ARC = YES;
				CLANG_ENABLE_OBJC_WEAK = YES;
				CLANG_WARN_BLOCK_CAPTURE_AUTORELEASING = YES;
				CLANG_WARN_BOOL_CONVERSION = YES;
				CLANG_WARN_COMMA = YES;
				CLANG_WARN_CONSTANT_CONVERSION = YES;
				CLANG_WARN_DEPRECATED_OBJC_IMPLEMENTATIONS = YES;
				CLANG_WARN_DIRECT_OBJC_ISA_USAGE = YES_ERROR;
				CLANG_WARN_DOCUMENTATION_COMMENTS = YES;
				CLANG_WARN_EMPTY_BODY = YES;
				CLANG_WARN_ENUM_CONVERSION = YES;
				CLANG_WARN_INFINITE_RECURSION = YES;
				CLANG_WARN_INT_CONVERSION = YES;
				CLANG_WARN_NON_LITERAL_NULL_CONVERSION = YES;
				CLANG_WARN_OBJC_IMPLICIT_RETAIN_SELF = YES;
				CLANG_WARN_OBJC_LITERAL_CONVERSION = YES;
				CLANG_WARN_OBJC_ROOT_CLASS = YES_ERROR;
				CLANG_WARN_QUOTED_INCLUDE_IN_FRAMEWORK_HEADER = YES;
				CLANG_WARN_RANGE_LOOP_ANALYSIS = YES;
				CLANG_WARN_STRICT_PROTOTYPES = YES;
				CLANG_WARN_SUSPICIOUS_MOVE = YES;
				CLANG_WARN_UNGUARDED_AVAILABILITY = YES_AGGRESSIVE;
				CLANG_WARN_UNREACHABLE_CODE = YES;
				CLANG_WARN__DUPLICATE_METHOD_MATCH = YES;
				COPY_PHASE_STRIP = NO;
				DEBUG_INFORMATION_FORMAT = "dwarf-with-dsym";
				ENABLE_NS_ASSERTIONS = NO;
				ENABLE_STRICT_OBJC_MSGSEND = YES;
				ENABLE_USER_SCRIPT_SANDBOXING = YES;
				GCC_C_LANGUAGE_STANDARD = gnu17;
				GCC_NO_COMMON_BLOCKS = YES;
				GCC_WARN_64_TO_32_BIT_CONVERSION = YES;
				GCC_WARN_ABOUT_RETURN_TYPE = YES_ERROR;
				GCC_WARN_UNDECLARED_SELECTOR = YES;
				GCC_WARN_UNINITIALIZED_AUTOS = YES_AGGRESSIVE;
				GCC_WARN_UNUSED_FUNCTION = YES;
				GCC_WARN_UNUSED_VARIABLE = YES;
				IPHONEOS_DEPLOYMENT_TARGET = 15.0;
				LOCALIZATION_PREFERS_STRING_CATALOGS = YES;
				MTL_ENABLE_DEBUG_INFO = NO;
				MTL_FAST_MATH = YES;
				SDKROOT = iphoneos;
				SWIFT_COMPILATION_MODE = wholemodule;
				SWIFT_VERSION = 6.0;
				VALIDATE_PRODUCT = YES;
			};
			name = Release;
		};
		F8F62F992AEE530B00AD7559 /* Debug */ = {
			isa = XCBuildConfiguration;
			buildSettings = {
				ASSETCATALOG_COMPILER_APPICON_NAME = AppIcon;
				ASSETCATALOG_COMPILER_GLOBAL_ACCENT_COLOR_NAME = AccentColor;
				CODE_SIGN_STYLE = Automatic;
				CURRENT_PROJECT_VERSION = 1;
				DEVELOPMENT_ASSET_PATHS = "\"GitHubFollowersSwiftUI/Preview Content\"";
				DEVELOPMENT_TEAM = 8N27URG699;
				ENABLE_PREVIEWS = YES;
				GENERATE_INFOPLIST_FILE = YES;
				INFOPLIST_KEY_UIApplicationSceneManifest_Generation = YES;
				INFOPLIST_KEY_UIApplicationSupportsIndirectInputEvents = YES;
				INFOPLIST_KEY_UILaunchScreen_Generation = YES;
				INFOPLIST_KEY_UISupportedInterfaceOrientations_iPad = "UIInterfaceOrientationPortrait UIInterfaceOrientationPortraitUpsideDown UIInterfaceOrientationLandscapeLeft UIInterfaceOrientationLandscapeRight";
				INFOPLIST_KEY_UISupportedInterfaceOrientations_iPhone = "UIInterfaceOrientationPortrait UIInterfaceOrientationLandscapeLeft UIInterfaceOrientationLandscapeRight";
				IPHONEOS_DEPLOYMENT_TARGET = 16.0;
				LD_RUNPATH_SEARCH_PATHS = (
					"$(inherited)",
					"@executable_path/Frameworks",
				);
				MARKETING_VERSION = 1.0;
				PRODUCT_BUNDLE_IDENTIFIER = ru.aifedorovrk.GitHubFollowersSwiftUI;
				PRODUCT_NAME = "$(TARGET_NAME)";
				SWIFT_EMIT_LOC_STRINGS = YES;
				SWIFT_VERSION = 5.0;
				TARGETED_DEVICE_FAMILY = "1,2";
			};
			name = Debug;
		};
		F8F62F9A2AEE530B00AD7559 /* Release */ = {
			isa = XCBuildConfiguration;
			buildSettings = {
				ASSETCATALOG_COMPILER_APPICON_NAME = AppIcon;
				ASSETCATALOG_COMPILER_GLOBAL_ACCENT_COLOR_NAME = AccentColor;
				CODE_SIGN_STYLE = Automatic;
				CURRENT_PROJECT_VERSION = 1;
				DEVELOPMENT_ASSET_PATHS = "\"GitHubFollowersSwiftUI/Preview Content\"";
				DEVELOPMENT_TEAM = 8N27URG699;
				ENABLE_PREVIEWS = YES;
				GENERATE_INFOPLIST_FILE = YES;
				INFOPLIST_KEY_UIApplicationSceneManifest_Generation = YES;
				INFOPLIST_KEY_UIApplicationSupportsIndirectInputEvents = YES;
				INFOPLIST_KEY_UILaunchScreen_Generation = YES;
				INFOPLIST_KEY_UISupportedInterfaceOrientations_iPad = "UIInterfaceOrientationPortrait UIInterfaceOrientationPortraitUpsideDown UIInterfaceOrientationLandscapeLeft UIInterfaceOrientationLandscapeRight";
				INFOPLIST_KEY_UISupportedInterfaceOrientations_iPhone = "UIInterfaceOrientationPortrait UIInterfaceOrientationLandscapeLeft UIInterfaceOrientationLandscapeRight";
				IPHONEOS_DEPLOYMENT_TARGET = 16.0;
				LD_RUNPATH_SEARCH_PATHS = (
					"$(inherited)",
					"@executable_path/Frameworks",
				);
				MARKETING_VERSION = 1.0;
				PRODUCT_BUNDLE_IDENTIFIER = ru.aifedorovrk.GitHubFollowersSwiftUI;
				PRODUCT_NAME = "$(TARGET_NAME)";
				SWIFT_EMIT_LOC_STRINGS = YES;
				SWIFT_VERSION = 5.0;
				TARGETED_DEVICE_FAMILY = "1,2";
			};
			name = Release;
		};
		F8F62F9C2AEE530B00AD7559 /* Debug */ = {
			isa = XCBuildConfiguration;
			buildSettings = {
				BUNDLE_LOADER = "$(TEST_HOST)";
				CODE_SIGN_STYLE = Automatic;
				CURRENT_PROJECT_VERSION = 1;
				DEVELOPMENT_TEAM = 8N27URG699;
				GENERATE_INFOPLIST_FILE = YES;
				IPHONEOS_DEPLOYMENT_TARGET = 16.0;
				MARKETING_VERSION = 1.0;
				PRODUCT_BUNDLE_IDENTIFIER = ru.aifedorovrk.GitHubFollowersSwiftUITests;
				PRODUCT_NAME = "$(TARGET_NAME)";
				SWIFT_EMIT_LOC_STRINGS = NO;
				SWIFT_VERSION = 5.0;
				TARGETED_DEVICE_FAMILY = "1,2";
				TEST_HOST = "$(BUILT_PRODUCTS_DIR)/GitHubFollowersSwiftUI.app/$(BUNDLE_EXECUTABLE_FOLDER_PATH)/GitHubFollowersSwiftUI";
			};
			name = Debug;
		};
		F8F62F9D2AEE530B00AD7559 /* Release */ = {
			isa = XCBuildConfiguration;
			buildSettings = {
				BUNDLE_LOADER = "$(TEST_HOST)";
				CODE_SIGN_STYLE = Automatic;
				CURRENT_PROJECT_VERSION = 1;
				DEVELOPMENT_TEAM = 8N27URG699;
				GENERATE_INFOPLIST_FILE = YES;
				IPHONEOS_DEPLOYMENT_TARGET = 16.0;
				MARKETING_VERSION = 1.0;
				PRODUCT_BUNDLE_IDENTIFIER = ru.aifedorovrk.GitHubFollowersSwiftUITests;
				PRODUCT_NAME = "$(TARGET_NAME)";
				SWIFT_EMIT_LOC_STRINGS = NO;
				SWIFT_VERSION = 5.0;
				TARGETED_DEVICE_FAMILY = "1,2";
				TEST_HOST = "$(BUILT_PRODUCTS_DIR)/GitHubFollowersSwiftUI.app/$(BUNDLE_EXECUTABLE_FOLDER_PATH)/GitHubFollowersSwiftUI";
			};
			name = Release;
		};
/* End XCBuildConfiguration section */

/* Begin XCConfigurationList section */
		F8F62F6F2AEE530A00AD7559 /* Build configuration list for PBXProject "GitHubFollowersSwiftUI" */ = {
			isa = XCConfigurationList;
			buildConfigurations = (
				F8F62F962AEE530B00AD7559 /* Debug */,
				F8F62F972AEE530B00AD7559 /* Release */,
			);
			defaultConfigurationIsVisible = 0;
			defaultConfigurationName = Release;
		};
		F8F62F982AEE530B00AD7559 /* Build configuration list for PBXNativeTarget "GitHubFollowersSwiftUI" */ = {
			isa = XCConfigurationList;
			buildConfigurations = (
				F8F62F992AEE530B00AD7559 /* Debug */,
				F8F62F9A2AEE530B00AD7559 /* Release */,
			);
			defaultConfigurationIsVisible = 0;
			defaultConfigurationName = Release;
		};
		F8F62F9B2AEE530B00AD7559 /* Build configuration list for PBXNativeTarget "GitHubFollowersSwiftUITests" */ = {
			isa = XCConfigurationList;
			buildConfigurations = (
				F8F62F9C2AEE530B00AD7559 /* Debug */,
				F8F62F9D2AEE530B00AD7559 /* Release */,
			);
			defaultConfigurationIsVisible = 0;
			defaultConfigurationName = Release;
		};
/* End XCConfigurationList section */
	};
	rootObject = F8F62F6C2AEE530A00AD7559 /* Project object */;
}
