// !$*UTF8*$!
{
	archiveVersion = 1;
	classes = {
	};
	objectVersion = 56;
	objects = {

/* Begin PBXBuildFile section */
		3B56C37E2A1D1471002825D9 /* User.swift in Sources */ = {isa = PBXBuildFile; fileRef = 3B56C37D2A1D1471002825D9 /* User.swift */; };
		3B56CA462A1E3D88002825D9 /* SearchAssembly.swift in Sources */ = {isa = PBXBuildFile; fileRef = 3B56CA452A1E3D88002825D9 /* SearchAssembly.swift */; };
		3B56D1262A224C4C002825D9 /* SearchPresenter.swift in Sources */ = {isa = PBXBuildFile; fileRef = 3B56D1252A224C4C002825D9 /* SearchPresenter.swift */; };
		3BB30BEE2A0A37D100BE57A3 /* AppDelegate.swift in Sources */ = {isa = PBXBuildFile; fileRef = 3BB30BED2A0A37D100BE57A3 /* AppDelegate.swift */; };
		3BB30BF02A0A37D100BE57A3 /* SceneDelegate.swift in Sources */ = {isa = PBXBuildFile; fileRef = 3BB30BEF2A0A37D100BE57A3 /* SceneDelegate.swift */; };
		3BB30BF22A0A37D100BE57A3 /* SearchViewController.swift in Sources */ = {isa = PBXBuildFile; fileRef = 3BB30BF12A0A37D100BE57A3 /* SearchViewController.swift */; };
		3BB30BF72A0A37D200BE57A3 /* Assets.xcassets in Resources */ = {isa = PBXBuildFile; fileRef = 3BB30BF62A0A37D200BE57A3 /* Assets.xcassets */; };
		3BB30BFA2A0A37D200BE57A3 /* LaunchScreen.storyboard in Resources */ = {isa = PBXBuildFile; fileRef = 3BB30BF82A0A37D200BE57A3 /* LaunchScreen.storyboard */; };
		3BB30C222A0D076B00BE57A3 /* FavoritesViewController.swift in Sources */ = {isa = PBXBuildFile; fileRef = 3BB30C212A0D076B00BE57A3 /* FavoritesViewController.swift */; };
		3BF7A2262A0E684500218AF8 /* UIColor+Style.swift in Sources */ = {isa = PBXBuildFile; fileRef = 3BF7A2252A0E684500218AF8 /* UIColor+Style.swift */; };
		3BF7A8E82A0EA82C00218AF8 /* BigButton.swift in Sources */ = {isa = PBXBuildFile; fileRef = 3BF7A8E72A0EA82C00218AF8 /* BigButton.swift */; };
		3BF7AFEF2A13F31D00218AF8 /* SearchResultsViewController.swift in Sources */ = {isa = PBXBuildFile; fileRef = 3BF7AFEE2A13F31D00218AF8 /* SearchResultsViewController.swift */; };
		3BF7B6AF2A14F67300218AF8 /* NavigationViewController.swift in Sources */ = {isa = PBXBuildFile; fileRef = 3BF7B6AE2A14F67300218AF8 /* NavigationViewController.swift */; };
		F8089C432A548A2E00BE0CDC /* String+Validation.swift in Sources */ = {isa = PBXBuildFile; fileRef = F8089C422A548A2E00BE0CDC /* String+Validation.swift */; };
		F8089C472A598C9400BE0CDC /* FullsScreenMessageView.swift in Sources */ = {isa = PBXBuildFile; fileRef = F8089C462A598C9400BE0CDC /* FullsScreenMessageView.swift */; };
		F83D60472A9E1AF4009E15B3 /* followers.json in Resources */ = {isa = PBXBuildFile; fileRef = F83D60462A9E1AF4009E15B3 /* followers.json */; };
		F8443A222AC080B9007418F2 /* UIView+Extensions.swift in Sources */ = {isa = PBXBuildFile; fileRef = F8443A212AC080B9007418F2 /* UIView+Extensions.swift */; };
		F861F8812A5F1F01008B02E7 /* GFImageLoader.swift in Sources */ = {isa = PBXBuildFile; fileRef = F861F8802A5F1F00008B02E7 /* GFImageLoader.swift */; };
		F884213E2A3F5CCB008C4A9B /* SearchResultsAssembly.swift in Sources */ = {isa = PBXBuildFile; fileRef = F884213D2A3F5CCB008C4A9B /* SearchResultsAssembly.swift */; };
		F88421402A3F5F31008C4A9B /* SearchResultsPresenter.swift in Sources */ = {isa = PBXBuildFile; fileRef = F884213F2A3F5F31008C4A9B /* SearchResultsPresenter.swift */; };
		F895FE652AC47DF5009A9D3F /* user.json in Resources */ = {isa = PBXBuildFile; fileRef = F895FE642AC47DF5009A9D3F /* user.json */; };
		F895FE672AC47F69009A9D3F /* Follower.swift in Sources */ = {isa = PBXBuildFile; fileRef = F895FE662AC47F69009A9D3F /* Follower.swift */; };
		F8C3F0E62A9F3F6100EC6590 /* ProfileAssembly.swift in Sources */ = {isa = PBXBuildFile; fileRef = F8C3F0E52A9F3F6100EC6590 /* ProfileAssembly.swift */; };
		F8C3F0E82A9F3F9B00EC6590 /* ProfileViewController.swift in Sources */ = {isa = PBXBuildFile; fileRef = F8C3F0E72A9F3F9B00EC6590 /* ProfileViewController.swift */; };
		F8C3F0EA2A9F403B00EC6590 /* ProfilePresenter.swift in Sources */ = {isa = PBXBuildFile; fileRef = F8C3F0E92A9F403B00EC6590 /* ProfilePresenter.swift */; };
		F8C45EAA2AB363AE002332B7 /* GFUserNetworkService.swift in Sources */ = {isa = PBXBuildFile; fileRef = F8C45EA92AB363AE002332B7 /* GFUserNetworkService.swift */; };
		F8C45EB92AB581FD002332B7 /* BaseNetworkService.swift in Sources */ = {isa = PBXBuildFile; fileRef = F8C45EB82AB581FD002332B7 /* BaseNetworkService.swift */; };
		F8C7D3D52A5D5991000B1FE0 /* SearchResultCell.swift in Sources */ = {isa = PBXBuildFile; fileRef = F8C7D3D42A5D5991000B1FE0 /* SearchResultCell.swift */; };
/* End PBXBuildFile section */

/* Begin PBXFileReference section */
		3B56C37D2A1D1471002825D9 /* User.swift */ = {isa = PBXFileReference; lastKnownFileType = sourcecode.swift; path = User.swift; sourceTree = "<group>"; };
		3B56CA452A1E3D88002825D9 /* SearchAssembly.swift */ = {isa = PBXFileReference; lastKnownFileType = sourcecode.swift; path = SearchAssembly.swift; sourceTree = "<group>"; };
		3B56D1252A224C4C002825D9 /* SearchPresenter.swift */ = {isa = PBXFileReference; lastKnownFileType = sourcecode.swift; path = SearchPresenter.swift; sourceTree = "<group>"; };
		3BB30BEA2A0A37D100BE57A3 /* GitHubFollowers.app */ = {isa = PBXFileReference; explicitFileType = wrapper.application; includeInIndex = 0; path = GitHubFollowers.app; sourceTree = BUILT_PRODUCTS_DIR; };
		3BB30BED2A0A37D100BE57A3 /* AppDelegate.swift */ = {isa = PBXFileReference; lastKnownFileType = sourcecode.swift; path = AppDelegate.swift; sourceTree = "<group>"; };
		3BB30BEF2A0A37D100BE57A3 /* SceneDelegate.swift */ = {isa = PBXFileReference; lastKnownFileType = sourcecode.swift; path = SceneDelegate.swift; sourceTree = "<group>"; };
		3BB30BF12A0A37D100BE57A3 /* SearchViewController.swift */ = {isa = PBXFileReference; lastKnownFileType = sourcecode.swift; path = SearchViewController.swift; sourceTree = "<group>"; };
		3BB30BF62A0A37D200BE57A3 /* Assets.xcassets */ = {isa = PBXFileReference; lastKnownFileType = folder.assetcatalog; path = Assets.xcassets; sourceTree = "<group>"; };
		3BB30BF92A0A37D200BE57A3 /* Base */ = {isa = PBXFileReference; lastKnownFileType = file.storyboard; name = Base; path = Base.lproj/LaunchScreen.storyboard; sourceTree = "<group>"; };
		3BB30BFB2A0A37D200BE57A3 /* Info.plist */ = {isa = PBXFileReference; lastKnownFileType = text.plist.xml; path = Info.plist; sourceTree = "<group>"; };
		3BB30C212A0D076B00BE57A3 /* FavoritesViewController.swift */ = {isa = PBXFileReference; lastKnownFileType = sourcecode.swift; path = FavoritesViewController.swift; sourceTree = "<group>"; };
		3BF7A2252A0E684500218AF8 /* UIColor+Style.swift */ = {isa = PBXFileReference; lastKnownFileType = sourcecode.swift; path = "UIColor+Style.swift"; sourceTree = "<group>"; };
		3BF7A8E72A0EA82C00218AF8 /* BigButton.swift */ = {isa = PBXFileReference; lastKnownFileType = sourcecode.swift; path = BigButton.swift; sourceTree = "<group>"; };
		3BF7AFEE2A13F31D00218AF8 /* SearchResultsViewController.swift */ = {isa = PBXFileReference; lastKnownFileType = sourcecode.swift; path = SearchResultsViewController.swift; sourceTree = "<group>"; };
		3BF7B6AE2A14F67300218AF8 /* NavigationViewController.swift */ = {isa = PBXFileReference; lastKnownFileType = sourcecode.swift; path = NavigationViewController.swift; sourceTree = "<group>"; };
		F8089C422A548A2E00BE0CDC /* String+Validation.swift */ = {isa = PBXFileReference; lastKnownFileType = sourcecode.swift; path = "String+Validation.swift"; sourceTree = "<group>"; };
		F8089C462A598C9400BE0CDC /* FullsScreenMessageView.swift */ = {isa = PBXFileReference; lastKnownFileType = sourcecode.swift; path = FullsScreenMessageView.swift; sourceTree = "<group>"; };
		F83D60462A9E1AF4009E15B3 /* followers.json */ = {isa = PBXFileReference; fileEncoding = 4; lastKnownFileType = text.json; path = followers.json; sourceTree = "<group>"; };
		F8443A212AC080B9007418F2 /* UIView+Extensions.swift */ = {isa = PBXFileReference; lastKnownFileType = sourcecode.swift; path = "UIView+Extensions.swift"; sourceTree = "<group>"; };
		F861F8802A5F1F00008B02E7 /* GFImageLoader.swift */ = {isa = PBXFileReference; lastKnownFileType = sourcecode.swift; path = GFImageLoader.swift; sourceTree = "<group>"; };
		F884213D2A3F5CCB008C4A9B /* SearchResultsAssembly.swift */ = {isa = PBXFileReference; lastKnownFileType = sourcecode.swift; path = SearchResultsAssembly.swift; sourceTree = "<group>"; };
		F884213F2A3F5F31008C4A9B /* SearchResultsPresenter.swift */ = {isa = PBXFileReference; lastKnownFileType = sourcecode.swift; path = SearchResultsPresenter.swift; sourceTree = "<group>"; };
		F895FE642AC47DF5009A9D3F /* user.json */ = {isa = PBXFileReference; lastKnownFileType = text.json; path = user.json; sourceTree = "<group>"; };
		F895FE662AC47F69009A9D3F /* Follower.swift */ = {isa = PBXFileReference; lastKnownFileType = sourcecode.swift; path = Follower.swift; sourceTree = "<group>"; };
		F8C3F0E52A9F3F6100EC6590 /* ProfileAssembly.swift */ = {isa = PBXFileReference; lastKnownFileType = sourcecode.swift; path = ProfileAssembly.swift; sourceTree = "<group>"; };
		F8C3F0E72A9F3F9B00EC6590 /* ProfileViewController.swift */ = {isa = PBXFileReference; lastKnownFileType = sourcecode.swift; path = ProfileViewController.swift; sourceTree = "<group>"; };
		F8C3F0E92A9F403B00EC6590 /* ProfilePresenter.swift */ = {isa = PBXFileReference; lastKnownFileType = sourcecode.swift; path = ProfilePresenter.swift; sourceTree = "<group>"; };
		F8C45EA92AB363AE002332B7 /* GFUserNetworkService.swift */ = {isa = PBXFileReference; fileEncoding = 4; lastKnownFileType = sourcecode.swift; path = GFUserNetworkService.swift; sourceTree = "<group>"; };
		F8C45EB82AB581FD002332B7 /* BaseNetworkService.swift */ = {isa = PBXFileReference; lastKnownFileType = sourcecode.swift; path = BaseNetworkService.swift; sourceTree = "<group>"; };
		F8C7D3D42A5D5991000B1FE0 /* SearchResultCell.swift */ = {isa = PBXFileReference; lastKnownFileType = sourcecode.swift; path = SearchResultCell.swift; sourceTree = "<group>"; };
/* End PBXFileReference section */

/* Begin PBXFrameworksBuildPhase section */
		3BB30BE72A0A37D100BE57A3 /* Frameworks */ = {
			isa = PBXFrameworksBuildPhase;
			buildActionMask = 2147483647;
			files = (
			);
			runOnlyForDeploymentPostprocessing = 0;
		};
/* End PBXFrameworksBuildPhase section */

/* Begin PBXGroup section */
		3B56C37A2A1D13DA002825D9 /* Services */ = {
			isa = PBXGroup;
			children = (
				3BF7AFCC2A1117CA00218AF8 /* Models */,
				F8C45EB82AB581FD002332B7 /* BaseNetworkService.swift */,
				F8C45EA92AB363AE002332B7 /* GFUserNetworkService.swift */,
				F861F8802A5F1F00008B02E7 /* GFImageLoader.swift */,
			);
			path = Services;
			sourceTree = "<group>";
		};
		3B56C37F2A1E3AB7002825D9 /* Common */ = {
			isa = PBXGroup;
			children = (
				3BF7A8EA2A0EA84100218AF8 /* Extensions */,
			);
			path = Common;
			sourceTree = "<group>";
		};
		3B56C3802A1E3AC3002825D9 /* UI */ = {
			isa = PBXGroup;
			children = (
				F8089C482A598C9B00BE0CDC /* Views */,
				3B56C3812A1E3ADD002825D9 /* Buttons */,
				3B56CA422A1E3D27002825D9 /* Controllers */,
			);
			path = UI;
			sourceTree = "<group>";
		};
		3B56C3812A1E3ADD002825D9 /* Buttons */ = {
			isa = PBXGroup;
			children = (
				3BF7A8E72A0EA82C00218AF8 /* BigButton.swift */,
			);
			path = Buttons;
			sourceTree = "<group>";
		};
		3B56C3822A1E3AFB002825D9 /* Modules */ = {
			isa = PBXGroup;
			children = (
				F8C3F0E42A9F3F4C00EC6590 /* Profile */,
				3B56CA412A1E3C08002825D9 /* Search */,
				3B56CA432A1E3D37002825D9 /* SearchResults */,
				3B56CA442A1E3D43002825D9 /* Favorites */,
			);
			path = Modules;
			sourceTree = "<group>";
		};
		3B56CA412A1E3C08002825D9 /* Search */ = {
			isa = PBXGroup;
			children = (
				3B56CA452A1E3D88002825D9 /* SearchAssembly.swift */,
				3BB30BF12A0A37D100BE57A3 /* SearchViewController.swift */,
				3B56D1252A224C4C002825D9 /* SearchPresenter.swift */,
			);
			path = Search;
			sourceTree = "<group>";
		};
		3B56CA422A1E3D27002825D9 /* Controllers */ = {
			isa = PBXGroup;
			children = (
				3BF7B6AE2A14F67300218AF8 /* NavigationViewController.swift */,
			);
			path = Controllers;
			sourceTree = "<group>";
		};
		3B56CA432A1E3D37002825D9 /* SearchResults */ = {
			isa = PBXGroup;
			children = (
				F8C7D3D62A5D5D48000B1FE0 /* Cells */,
				F884213D2A3F5CCB008C4A9B /* SearchResultsAssembly.swift */,
				3BF7AFEE2A13F31D00218AF8 /* SearchResultsViewController.swift */,
				F884213F2A3F5F31008C4A9B /* SearchResultsPresenter.swift */,
			);
			path = SearchResults;
			sourceTree = "<group>";
		};
		3B56CA442A1E3D43002825D9 /* Favorites */ = {
			isa = PBXGroup;
			children = (
				3BB30C212A0D076B00BE57A3 /* FavoritesViewController.swift */,
			);
			path = Favorites;
			sourceTree = "<group>";
		};
		3BB30BE12A0A37D000BE57A3 = {
			isa = PBXGroup;
			children = (
				3BB30BEC2A0A37D100BE57A3 /* GitHubFollowers */,
				3BB30BEB2A0A37D100BE57A3 /* Products */,
			);
			sourceTree = "<group>";
		};
		3BB30BEB2A0A37D100BE57A3 /* Products */ = {
			isa = PBXGroup;
			children = (
				3BB30BEA2A0A37D100BE57A3 /* GitHubFollowers.app */,
			);
			name = Products;
			sourceTree = "<group>";
		};
		3BB30BEC2A0A37D100BE57A3 /* GitHubFollowers */ = {
			isa = PBXGroup;
			children = (
				3B56C37F2A1E3AB7002825D9 /* Common */,
				3B56C3802A1E3AC3002825D9 /* UI */,
				3B56C3822A1E3AFB002825D9 /* Modules */,
				3B56C37A2A1D13DA002825D9 /* Services */,
				3BF7AFCA2A1116ED00218AF8 /* Root */,
				3BF7AFCB2A11178B00218AF8 /* Resources */,
			);
			path = GitHubFollowers;
			sourceTree = "<group>";
		};
		3BF7A8EA2A0EA84100218AF8 /* Extensions */ = {
			isa = PBXGroup;
			children = (
				3BF7A2252A0E684500218AF8 /* UIColor+Style.swift */,
				F8089C422A548A2E00BE0CDC /* String+Validation.swift */,
				F8443A212AC080B9007418F2 /* UIView+Extensions.swift */,
			);
			path = Extensions;
			sourceTree = "<group>";
		};
		3BF7AFCA2A1116ED00218AF8 /* Root */ = {
			isa = PBXGroup;
			children = (
				3BB30BED2A0A37D100BE57A3 /* AppDelegate.swift */,
				3BB30BEF2A0A37D100BE57A3 /* SceneDelegate.swift */,
			);
			path = Root;
			sourceTree = "<group>";
		};
		3BF7AFCB2A11178B00218AF8 /* Resources */ = {
			isa = PBXGroup;
			children = (
				F83D60462A9E1AF4009E15B3 /* followers.json */,
				F895FE642AC47DF5009A9D3F /* user.json */,
				3BB30BF62A0A37D200BE57A3 /* Assets.xcassets */,
				3BB30BF82A0A37D200BE57A3 /* LaunchScreen.storyboard */,
				3BB30BFB2A0A37D200BE57A3 /* Info.plist */,
			);
			path = Resources;
			sourceTree = "<group>";
		};
		3BF7AFCC2A1117CA00218AF8 /* Models */ = {
			isa = PBXGroup;
			children = (
				3B56C37D2A1D1471002825D9 /* User.swift */,
				F895FE662AC47F69009A9D3F /* Follower.swift */,
			);
			path = Models;
			sourceTree = "<group>";
		};
		F8089C482A598C9B00BE0CDC /* Views */ = {
			isa = PBXGroup;
			children = (
				F8089C462A598C9400BE0CDC /* FullsScreenMessageView.swift */,
			);
			path = Views;
			sourceTree = "<group>";
		};
		F8C3F0E42A9F3F4C00EC6590 /* Profile */ = {
			isa = PBXGroup;
			children = (
				F8C3F0E52A9F3F6100EC6590 /* ProfileAssembly.swift */,
				F8C3F0E72A9F3F9B00EC6590 /* ProfileViewController.swift */,
				F8C3F0E92A9F403B00EC6590 /* ProfilePresenter.swift */,
			);
			path = Profile;
			sourceTree = "<group>";
		};
		F8C7D3D62A5D5D48000B1FE0 /* Cells */ = {
			isa = PBXGroup;
			children = (
				F8C7D3D42A5D5991000B1FE0 /* SearchResultCell.swift */,
			);
			path = Cells;
			sourceTree = "<group>";
		};
/* End PBXGroup section */

/* Begin PBXNativeTarget section */
		3BB30BE92A0A37D100BE57A3 /* GitHubFollowers */ = {
			isa = PBXNativeTarget;
			buildConfigurationList = 3BB30BFE2A0A37D200BE57A3 /* Build configuration list for PBXNativeTarget "GitHubFollowers" */;
			buildPhases = (
				3BB30BE62A0A37D100BE57A3 /* Sources */,
				3BB30BE72A0A37D100BE57A3 /* Frameworks */,
				3BB30BE82A0A37D100BE57A3 /* Resources */,
			);
			buildRules = (
			);
			dependencies = (
			);
			name = GitHubFollowers;
			productName = GithubFollowers;
			productReference = 3BB30BEA2A0A37D100BE57A3 /* GitHubFollowers.app */;
			productType = "com.apple.product-type.application";
		};
/* End PBXNativeTarget section */

/* Begin PBXProject section */
		3BB30BE22A0A37D000BE57A3 /* Project object */ = {
			isa = PBXProject;
			attributes = {
				BuildIndependentTargetsInParallel = 1;
				LastSwiftUpdateCheck = 1410;
				LastUpgradeCheck = 1410;
				TargetAttributes = {
					3BB30BE92A0A37D100BE57A3 = {
						CreatedOnToolsVersion = 14.1;
					};
				};
			};
			buildConfigurationList = 3BB30BE52A0A37D000BE57A3 /* Build configuration list for PBXProject "GitHubFollowers" */;
			compatibilityVersion = "Xcode 14.0";
			developmentRegion = en;
			hasScannedForEncodings = 0;
			knownRegions = (
				en,
				Base,
			);
			mainGroup = 3BB30BE12A0A37D000BE57A3;
			productRefGroup = 3BB30BEB2A0A37D100BE57A3 /* Products */;
			projectDirPath = "";
			projectRoot = "";
			targets = (
				3BB30BE92A0A37D100BE57A3 /* GitHubFollowers */,
			);
		};
/* End PBXProject section */

/* Begin PBXResourcesBuildPhase section */
		3BB30BE82A0A37D100BE57A3 /* Resources */ = {
			isa = PBXResourcesBuildPhase;
			buildActionMask = 2147483647;
			files = (
				F895FE652AC47DF5009A9D3F /* user.json in Resources */,
				3BB30BFA2A0A37D200BE57A3 /* LaunchScreen.storyboard in Resources */,
				F83D60472A9E1AF4009E15B3 /* followers.json in Resources */,
				3BB30BF72A0A37D200BE57A3 /* Assets.xcassets in Resources */,
			);
			runOnlyForDeploymentPostprocessing = 0;
		};
/* End PBXResourcesBuildPhase section */

/* Begin PBXSourcesBuildPhase section */
		3BB30BE62A0A37D100BE57A3 /* Sources */ = {
			isa = PBXSourcesBuildPhase;
			buildActionMask = 2147483647;
			files = (
				F8C3F0EA2A9F403B00EC6590 /* ProfilePresenter.swift in Sources */,
				F8C7D3D52A5D5991000B1FE0 /* SearchResultCell.swift in Sources */,
				F884213E2A3F5CCB008C4A9B /* SearchResultsAssembly.swift in Sources */,
				F88421402A3F5F31008C4A9B /* SearchResultsPresenter.swift in Sources */,
				F861F8812A5F1F01008B02E7 /* GFImageLoader.swift in Sources */,
				F8C3F0E62A9F3F6100EC6590 /* ProfileAssembly.swift in Sources */,
				3BF7B6AF2A14F67300218AF8 /* NavigationViewController.swift in Sources */,
				3B56D1262A224C4C002825D9 /* SearchPresenter.swift in Sources */,
				3BF7A2262A0E684500218AF8 /* UIColor+Style.swift in Sources */,
				F8089C432A548A2E00BE0CDC /* String+Validation.swift in Sources */,
				3B56CA462A1E3D88002825D9 /* SearchAssembly.swift in Sources */,
				3BF7AFEF2A13F31D00218AF8 /* SearchResultsViewController.swift in Sources */,
				3BB30C222A0D076B00BE57A3 /* FavoritesViewController.swift in Sources */,
				F8443A222AC080B9007418F2 /* UIView+Extensions.swift in Sources */,
				F8089C472A598C9400BE0CDC /* FullsScreenMessageView.swift in Sources */,
				3BB30BF22A0A37D100BE57A3 /* SearchViewController.swift in Sources */,
				3BB30BEE2A0A37D100BE57A3 /* AppDelegate.swift in Sources */,
				F8C45EB92AB581FD002332B7 /* BaseNetworkService.swift in Sources */,
				3BF7A8E82A0EA82C00218AF8 /* BigButton.swift in Sources */,
				F895FE672AC47F69009A9D3F /* Follower.swift in Sources */,
				F8C3F0E82A9F3F9B00EC6590 /* ProfileViewController.swift in Sources */,
				F8C45EAA2AB363AE002332B7 /* GFUserNetworkService.swift in Sources */,
				3B56C37E2A1D1471002825D9 /* User.swift in Sources */,
				3BB30BF02A0A37D100BE57A3 /* SceneDelegate.swift in Sources */,
			);
			runOnlyForDeploymentPostprocessing = 0;
		};
/* End PBXSourcesBuildPhase section */

/* Begin PBXVariantGroup section */
		3BB30BF82A0A37D200BE57A3 /* LaunchScreen.storyboard */ = {
			isa = PBXVariantGroup;
			children = (
				3BB30BF92A0A37D200BE57A3 /* Base */,
			);
			name = LaunchScreen.storyboard;
			sourceTree = "<group>";
		};
/* End PBXVariantGroup section */

/* Begin XCBuildConfiguration section */
		3BB30BFC2A0A37D200BE57A3 /* Debug */ = {
			isa = XCBuildConfiguration;
			buildSettings = {
				ALWAYS_SEARCH_USER_PATHS = NO;
				CLANG_ANALYZER_NONNULL = YES;
				CLANG_ANALYZER_NUMBER_OBJECT_CONVERSION = YES_AGGRESSIVE;
				CLANG_CXX_LANGUAGE_STANDARD = "gnu++20";
				CLANG_ENABLE_MODULES = YES;
				CLANG_ENABLE_OBJC_ARC = YES;
				CLANG_ENABLE_OBJC_WEAK = YES;
				CLANG_WARN_BLOCK_CAPTURE_AUTORELEASING = YES;
				CLANG_WARN_BOOL_CONVERSION = YES;
				CLANG_WARN_COMMA = YES;
				CLANG_WARN_CONSTANT_CONVERSION = YES;
				CLANG_WARN_DEPRECATED_OBJC_IMPLEMENTATIONS = YES;
				CLANG_WARN_DIRECT_OBJC_ISA_USAGE = YES_ERROR;
				CLANG_WARN_DOCUMENTATION_COMMENTS = YES;
				CLANG_WARN_EMPTY_BODY = YES;
				CLANG_WARN_ENUM_CONVERSION = YES;
				CLANG_WARN_INFINITE_RECURSION = YES;
				CLANG_WARN_INT_CONVERSION = YES;
				CLANG_WARN_NON_LITERAL_NULL_CONVERSION = YES;
				CLANG_WARN_OBJC_IMPLICIT_RETAIN_SELF = YES;
				CLANG_WARN_OBJC_LITERAL_CONVERSION = YES;
				CLANG_WARN_OBJC_ROOT_CLASS = YES_ERROR;
				CLANG_WARN_QUOTED_INCLUDE_IN_FRAMEWORK_HEADER = YES;
				CLANG_WARN_RANGE_LOOP_ANALYSIS = YES;
				CLANG_WARN_STRICT_PROTOTYPES = YES;
				CLANG_WARN_SUSPICIOUS_MOVE = YES;
				CLANG_WARN_UNGUARDED_AVAILABILITY = YES_AGGRESSIVE;
				CLANG_WARN_UNREACHABLE_CODE = YES;
				CLANG_WARN__DUPLICATE_METHOD_MATCH = YES;
				COPY_PHASE_STRIP = NO;
				DEBUG_INFORMATION_FORMAT = dwarf;
				ENABLE_STRICT_OBJC_MSGSEND = YES;
				ENABLE_TESTABILITY = YES;
				GCC_C_LANGUAGE_STANDARD = gnu11;
				GCC_DYNAMIC_NO_PIC = NO;
				GCC_NO_COMMON_BLOCKS = YES;
				GCC_OPTIMIZATION_LEVEL = 0;
				GCC_PREPROCESSOR_DEFINITIONS = (
					"DEBUG=1",
					"$(inherited)",
				);
				GCC_WARN_64_TO_32_BIT_CONVERSION = YES;
				GCC_WARN_ABOUT_RETURN_TYPE = YES_ERROR;
				GCC_WARN_UNDECLARED_SELECTOR = YES;
				GCC_WARN_UNINITIALIZED_AUTOS = YES_AGGRESSIVE;
				GCC_WARN_UNUSED_FUNCTION = YES;
				GCC_WARN_UNUSED_VARIABLE = YES;
				IPHONEOS_DEPLOYMENT_TARGET = 14.0;
				MTL_ENABLE_DEBUG_INFO = INCLUDE_SOURCE;
				MTL_FAST_MATH = YES;
				ONLY_ACTIVE_ARCH = YES;
				SDKROOT = iphoneos;
				SWIFT_ACTIVE_COMPILATION_CONDITIONS = DEBUG;
				SWIFT_OPTIMIZATION_LEVEL = "-Onone";
			};
			name = Debug;
		};
		3BB30BFD2A0A37D200BE57A3 /* Release */ = {
			isa = XCBuildConfiguration;
			buildSettings = {
				ALWAYS_SEARCH_USER_PATHS = NO;
				CLANG_ANALYZER_NONNULL = YES;
				CLANG_ANALYZER_NUMBER_OBJECT_CONVERSION = YES_AGGRESSIVE;
				CLANG_CXX_LANGUAGE_STANDARD = "gnu++20";
				CLANG_ENABLE_MODULES = YES;
				CLANG_ENABLE_OBJC_ARC = YES;
				CLANG_ENABLE_OBJC_WEAK = YES;
				CLANG_WARN_BLOCK_CAPTURE_AUTORELEASING = YES;
				CLANG_WARN_BOOL_CONVERSION = YES;
				CLANG_WARN_COMMA = YES;
				CLANG_WARN_CONSTANT_CONVERSION = YES;
				CLANG_WARN_DEPRECATED_OBJC_IMPLEMENTATIONS = YES;
				CLANG_WARN_DIRECT_OBJC_ISA_USAGE = YES_ERROR;
				CLANG_WARN_DOCUMENTATION_COMMENTS = YES;
				CLANG_WARN_EMPTY_BODY = YES;
				CLANG_WARN_ENUM_CONVERSION = YES;
				CLANG_WARN_INFINITE_RECURSION = YES;
				CLANG_WARN_INT_CONVERSION = YES;
				CLANG_WARN_NON_LITERAL_NULL_CONVERSION = YES;
				CLANG_WARN_OBJC_IMPLICIT_RETAIN_SELF = YES;
				CLANG_WARN_OBJC_LITERAL_CONVERSION = YES;
				CLANG_WARN_OBJC_ROOT_CLASS = YES_ERROR;
				CLANG_WARN_QUOTED_INCLUDE_IN_FRAMEWORK_HEADER = YES;
				CLANG_WARN_RANGE_LOOP_ANALYSIS = YES;
				CLANG_WARN_STRICT_PROTOTYPES = YES;
				CLANG_WARN_SUSPICIOUS_MOVE = YES;
				CLANG_WARN_UNGUARDED_AVAILABILITY = YES_AGGRESSIVE;
				CLANG_WARN_UNREACHABLE_CODE = YES;
				CLANG_WARN__DUPLICATE_METHOD_MATCH = YES;
				COPY_PHASE_STRIP = NO;
				DEBUG_INFORMATION_FORMAT = "dwarf-with-dsym";
				ENABLE_NS_ASSERTIONS = NO;
				ENABLE_STRICT_OBJC_MSGSEND = YES;
				GCC_C_LANGUAGE_STANDARD = gnu11;
				GCC_NO_COMMON_BLOCKS = YES;
				GCC_WARN_64_TO_32_BIT_CONVERSION = YES;
				GCC_WARN_ABOUT_RETURN_TYPE = YES_ERROR;
				GCC_WARN_UNDECLARED_SELECTOR = YES;
				GCC_WARN_UNINITIALIZED_AUTOS = YES_AGGRESSIVE;
				GCC_WARN_UNUSED_FUNCTION = YES;
				GCC_WARN_UNUSED_VARIABLE = YES;
				IPHONEOS_DEPLOYMENT_TARGET = 14.0;
				MTL_ENABLE_DEBUG_INFO = NO;
				MTL_FAST_MATH = YES;
				SDKROOT = iphoneos;
				SWIFT_COMPILATION_MODE = wholemodule;
				SWIFT_OPTIMIZATION_LEVEL = "-O";
				VALIDATE_PRODUCT = YES;
			};
			name = Release;
		};
		3BB30BFF2A0A37D200BE57A3 /* Debug */ = {
			isa = XCBuildConfiguration;
			buildSettings = {
				ASSETCATALOG_COMPILER_APPICON_NAME = AppIcon;
				ASSETCATALOG_COMPILER_GLOBAL_ACCENT_COLOR_NAME = AccentColor;
				CODE_SIGN_STYLE = Automatic;
				CURRENT_PROJECT_VERSION = 1;
				DEVELOPMENT_TEAM = 97857562T4;
				GENERATE_INFOPLIST_FILE = YES;
				INFOPLIST_FILE = GithubFollowers/Resources/Info.plist;
				INFOPLIST_KEY_UIApplicationSupportsIndirectInputEvents = YES;
				INFOPLIST_KEY_UILaunchStoryboardName = LaunchScreen;
				INFOPLIST_KEY_UISupportedInterfaceOrientations = UIInterfaceOrientationPortrait;
				INFOPLIST_KEY_UISupportedInterfaceOrientations_iPad = "UIInterfaceOrientationLandscapeLeft UIInterfaceOrientationLandscapeRight UIInterfaceOrientationPortrait UIInterfaceOrientationPortraitUpsideDown";
				LD_RUNPATH_SEARCH_PATHS = (
					"$(inherited)",
					"@executable_path/Frameworks",
				);
				MARKETING_VERSION = 1.0;
				PRODUCT_BUNDLE_IDENTIFIER = ru.aifedorov.githubfollowers;
				PRODUCT_NAME = "$(TARGET_NAME)";
				SWIFT_EMIT_LOC_STRINGS = YES;
				SWIFT_VERSION = 5.0;
				TARGETED_DEVICE_FAMILY = "1,2";
			};
			name = Debug;
		};
		3BB30C002A0A37D200BE57A3 /* Release */ = {
			isa = XCBuildConfiguration;
			buildSettings = {
				ASSETCATALOG_COMPILER_APPICON_NAME = AppIcon;
				ASSETCATALOG_COMPILER_GLOBAL_ACCENT_COLOR_NAME = AccentColor;
				CODE_SIGN_STYLE = Automatic;
				CURRENT_PROJECT_VERSION = 1;
				DEVELOPMENT_TEAM = 97857562T4;
				GENERATE_INFOPLIST_FILE = YES;
				INFOPLIST_FILE = GithubFollowers/Resources/Info.plist;
				INFOPLIST_KEY_UIApplicationSupportsIndirectInputEvents = YES;
				INFOPLIST_KEY_UILaunchStoryboardName = LaunchScreen;
				INFOPLIST_KEY_UISupportedInterfaceOrientations = UIInterfaceOrientationPortrait;
				INFOPLIST_KEY_UISupportedInterfaceOrientations_iPad = "UIInterfaceOrientationLandscapeLeft UIInterfaceOrientationLandscapeRight UIInterfaceOrientationPortrait UIInterfaceOrientationPortraitUpsideDown";
				LD_RUNPATH_SEARCH_PATHS = (
					"$(inherited)",
					"@executable_path/Frameworks",
				);
				MARKETING_VERSION = 1.0;
				PRODUCT_BUNDLE_IDENTIFIER = ru.aifedorov.githubfollowers;
				PRODUCT_NAME = "$(TARGET_NAME)";
				SWIFT_EMIT_LOC_STRINGS = YES;
				SWIFT_VERSION = 5.0;
				TARGETED_DEVICE_FAMILY = "1,2";
			};
			name = Release;
		};
/* End XCBuildConfiguration section */

/* Begin XCConfigurationList section */
		3BB30BE52A0A37D000BE57A3 /* Build configuration list for PBXProject "GitHubFollowers" */ = {
			isa = XCConfigurationList;
			buildConfigurations = (
				3BB30BFC2A0A37D200BE57A3 /* Debug */,
				3BB30BFD2A0A37D200BE57A3 /* Release */,
			);
			defaultConfigurationIsVisible = 0;
			defaultConfigurationName = Release;
		};
		3BB30BFE2A0A37D200BE57A3 /* Build configuration list for PBXNativeTarget "GitHubFollowers" */ = {
			isa = XCConfigurationList;
			buildConfigurations = (
				3BB30BFF2A0A37D200BE57A3 /* Debug */,
				3BB30C002A0A37D200BE57A3 /* Release */,
			);
			defaultConfigurationIsVisible = 0;
			defaultConfigurationName = Release;
		};
/* End XCConfigurationList section */
	};
	rootObject = 3BB30BE22A0A37D000BE57A3 /* Project object */;
}
