// !$*UTF8*$!
{
	archiveVersion = 1;
	classes = {
	};
	objectVersion = 56;
	objects = {

/* Begin PBXBuildFile section */
		F80D7C012B0212A70071124C /* GFStorage.framework in Frameworks */ = {isa = PBXBuildFile; fileRef = F80D7BF82B0212A70071124C /* GFStorage.framework */; };
		F80D7C062B0212A70071124C /* GFStorageTests.swift in Sources */ = {isa = PBXBuildFile; fileRef = F80D7C052B0212A70071124C /* GFStorageTests.swift */; };
		F80D7C072B0212A70071124C /* GFStorage.h in Headers */ = {isa = PBXBuildFile; fileRef = F80D7BFB2B0212A70071124C /* GFStorage.h */; settings = {ATTRIBUTES = (Public, ); }; };
		F80D7C122B0212DC0071124C /* FileStorageService.swift in Sources */ = {isa = PBXBuildFile; fileRef = F80D7C102B0212DC0071124C /* FileStorageService.swift */; };
		F80D7C152B0212EA0071124C /* StorageProvider.swift in Sources */ = {isa = PBXBuildFile; fileRef = F80D7C142B0212EA0071124C /* StorageProvider.swift */; };
		F80D7C172B02442A0071124C /* StorageError.swift in Sources */ = {isa = PBXBuildFile; fileRef = F80D7C162B02442A0071124C /* StorageError.swift */; };
/* End PBXBuildFile section */

/* Begin PBXContainerItemProxy section */
		F80D7C022B0212A70071124C /* PBXContainerItemProxy */ = {
			isa = PBXContainerItemProxy;
			containerPortal = F80D7BEF2B0212A70071124C /* Project object */;
			proxyType = 1;
			remoteGlobalIDString = F80D7BF72B0212A70071124C;
			remoteInfo = GFStorage;
		};
/* End PBXContainerItemProxy section */

/* Begin PBXFileReference section */
		F80D7BF82B0212A70071124C /* GFStorage.framework */ = {isa = PBXFileReference; explicitFileType = wrapper.framework; includeInIndex = 0; path = GFStorage.framework; sourceTree = BUILT_PRODUCTS_DIR; };
		F80D7BFB2B0212A70071124C /* GFStorage.h */ = {isa = PBXFileReference; lastKnownFileType = sourcecode.c.h; path = GFStorage.h; sourceTree = "<group>"; };
		F80D7C002B0212A70071124C /* GFStorageTests.xctest */ = {isa = PBXFileReference; explicitFileType = wrapper.cfbundle; includeInIndex = 0; path = GFStorageTests.xctest; sourceTree = BUILT_PRODUCTS_DIR; };
		F80D7C052B0212A70071124C /* GFStorageTests.swift */ = {isa = PBXFileReference; lastKnownFileType = sourcecode.swift; path = GFStorageTests.swift; sourceTree = "<group>"; };
		F80D7C102B0212DC0071124C /* FileStorageService.swift */ = {isa = PBXFileReference; fileEncoding = 4; lastKnownFileType = sourcecode.swift; path = FileStorageService.swift; sourceTree = "<group>"; };
		F80D7C142B0212EA0071124C /* StorageProvider.swift */ = {isa = PBXFileReference; fileEncoding = 4; lastKnownFileType = sourcecode.swift; path = StorageProvider.swift; sourceTree = "<group>"; };
		F80D7C162B02442A0071124C /* StorageError.swift */ = {isa = PBXFileReference; lastKnownFileType = sourcecode.swift; path = StorageError.swift; sourceTree = "<group>"; };
/* End PBXFileReference section */

/* Begin PBXFrameworksBuildPhase section */
		F80D7BF52B0212A70071124C /* Frameworks */ = {
			isa = PBXFrameworksBuildPhase;
			buildActionMask = 2147483647;
			files = (
			);
			runOnlyForDeploymentPostprocessing = 0;
		};
		F80D7BFD2B0212A70071124C /* Frameworks */ = {
			isa = PBXFrameworksBuildPhase;
			buildActionMask = 2147483647;
			files = (
				F80D7C012B0212A70071124C /* GFStorage.framework in Frameworks */,
			);
			runOnlyForDeploymentPostprocessing = 0;
		};
/* End PBXFrameworksBuildPhase section */

/* Begin PBXGroup section */
		F80D7BEE2B0212A70071124C = {
			isa = PBXGroup;
			children = (
				F80D7BFA2B0212A70071124C /* GFStorage */,
				F80D7C042B0212A70071124C /* GFStorageTests */,
				F80D7BF92B0212A70071124C /* Products */,
			);
			sourceTree = "<group>";
		};
		F80D7BF92B0212A70071124C /* Products */ = {
			isa = PBXGroup;
			children = (
				F80D7BF82B0212A70071124C /* GFStorage.framework */,
				F80D7C002B0212A70071124C /* GFStorageTests.xctest */,
			);
			name = Products;
			sourceTree = "<group>";
		};
		F80D7BFA2B0212A70071124C /* GFStorage */ = {
			isa = PBXGroup;
			children = (
				F80D7BFB2B0212A70071124C /* GFStorage.h */,
				F80D7C142B0212EA0071124C /* StorageProvider.swift */,
				F80D7C102B0212DC0071124C /* FileStorageService.swift */,
				F80D7C162B02442A0071124C /* StorageError.swift */,
			);
			path = GFStorage;
			sourceTree = "<group>";
		};
		F80D7C042B0212A70071124C /* GFStorageTests */ = {
			isa = PBXGroup;
			children = (
				F80D7C052B0212A70071124C /* GFStorageTests.swift */,
			);
			path = GFStorageTests;
			sourceTree = "<group>";
		};
/* End PBXGroup section */

/* Begin PBXHeadersBuildPhase section */
		F80D7BF32B0212A70071124C /* Headers */ = {
			isa = PBXHeadersBuildPhase;
			buildActionMask = 2147483647;
			files = (
				F80D7C072B0212A70071124C /* GFStorage.h in Headers */,
			);
			runOnlyForDeploymentPostprocessing = 0;
		};
/* End PBXHeadersBuildPhase section */

/* Begin PBXNativeTarget section */
		F80D7BF72B0212A70071124C /* GFStorage */ = {
			isa = PBXNativeTarget;
			buildConfigurationList = F80D7C0A2B0212A70071124C /* Build configuration list for PBXNativeTarget "GFStorage" */;
			buildPhases = (
				F80D7BF32B0212A70071124C /* Headers */,
				F80D7BF42B0212A70071124C /* Sources */,
				F80D7BF52B0212A70071124C /* Frameworks */,
				F80D7BF62B0212A70071124C /* Resources */,
			);
			buildRules = (
			);
			dependencies = (
			);
			name = GFStorage;
			productName = GFStorage;
			productReference = F80D7BF82B0212A70071124C /* GFStorage.framework */;
			productType = "com.apple.product-type.framework";
		};
		F80D7BFF2B0212A70071124C /* GFStorageTests */ = {
			isa = PBXNativeTarget;
			buildConfigurationList = F80D7C0D2B0212A70071124C /* Build configuration list for PBXNativeTarget "GFStorageTests" */;
			buildPhases = (
				F80D7BFC2B0212A70071124C /* Sources */,
				F80D7BFD2B0212A70071124C /* Frameworks */,
				F80D7BFE2B0212A70071124C /* Resources */,
			);
			buildRules = (
			);
			dependencies = (
				F80D7C032B0212A70071124C /* PBXTargetDependency */,
			);
			name = GFStorageTests;
			productName = GFStorageTests;
			productReference = F80D7C002B0212A70071124C /* GFStorageTests.xctest */;
			productType = "com.apple.product-type.bundle.unit-test";
		};
/* End PBXNativeTarget section */

/* Begin PBXProject section */
		F80D7BEF2B0212A70071124C /* Project object */ = {
			isa = PBXProject;
			attributes = {
				BuildIndependentTargetsInParallel = 1;
				LastSwiftUpdateCheck = 1500;
				LastUpgradeCheck = 1530;
				TargetAttributes = {
					F80D7BF72B0212A70071124C = {
						CreatedOnToolsVersion = 15.0.1;
						LastSwiftMigration = 1500;
					};
					F80D7BFF2B0212A70071124C = {
						CreatedOnToolsVersion = 15.0.1;
					};
				};
			};
			buildConfigurationList = F80D7BF22B0212A70071124C /* Build configuration list for PBXProject "GFStorage" */;
			compatibilityVersion = "Xcode 14.0";
			developmentRegion = en;
			hasScannedForEncodings = 0;
			knownRegions = (
				en,
				Base,
			);
			mainGroup = F80D7BEE2B0212A70071124C;
			productRefGroup = F80D7BF92B0212A70071124C /* Products */;
			projectDirPath = "";
			projectRoot = "";
			targets = (
				F80D7BF72B0212A70071124C /* GFStorage */,
				F80D7BFF2B0212A70071124C /* GFStorageTests */,
			);
		};
/* End PBXProject section */

/* Begin PBXResourcesBuildPhase section */
		F80D7BF62B0212A70071124C /* Resources */ = {
			isa = PBXResourcesBuildPhase;
			buildActionMask = 2147483647;
			files = (
			);
			runOnlyForDeploymentPostprocessing = 0;
		};
		F80D7BFE2B0212A70071124C /* Resources */ = {
			isa = PBXResourcesBuildPhase;
			buildActionMask = 2147483647;
			files = (
			);
			runOnlyForDeploymentPostprocessing = 0;
		};
/* End PBXResourcesBuildPhase section */

/* Begin PBXSourcesBuildPhase section */
		F80D7BF42B0212A70071124C /* Sources */ = {
			isa = PBXSourcesBuildPhase;
			buildActionMask = 2147483647;
			files = (
				F80D7C172B02442A0071124C /* StorageError.swift in Sources */,
				F80D7C152B0212EA0071124C /* StorageProvider.swift in Sources */,
				F80D7C122B0212DC0071124C /* FileStorageService.swift in Sources */,
			);
			runOnlyForDeploymentPostprocessing = 0;
		};
		F80D7BFC2B0212A70071124C /* Sources */ = {
			isa = PBXSourcesBuildPhase;
			buildActionMask = 2147483647;
			files = (
				F80D7C062B0212A70071124C /* GFStorageTests.swift in Sources */,
			);
			runOnlyForDeploymentPostprocessing = 0;
		};
/* End PBXSourcesBuildPhase section */

/* Begin PBXTargetDependency section */
		F80D7C032B0212A70071124C /* PBXTargetDependency */ = {
			isa = PBXTargetDependency;
			target = F80D7BF72B0212A70071124C /* GFStorage */;
			targetProxy = F80D7C022B0212A70071124C /* PBXContainerItemProxy */;
		};
/* End PBXTargetDependency section */

/* Begin XCBuildConfiguration section */
		F80D7C082B0212A70071124C /* Debug */ = {
			isa = XCBuildConfiguration;
			buildSettings = {
				ALWAYS_SEARCH_USER_PATHS = NO;
				ASSETCATALOG_COMPILER_GENERATE_SWIFT_ASSET_SYMBOL_EXTENSIONS = YES;
				CLANG_ANALYZER_NONNULL = YES;
				CLANG_ANALYZER_NUMBER_OBJECT_CONVERSION = YES_AGGRESSIVE;
				CLANG_CXX_LANGUAGE_STANDARD = "gnu++20";
				CLANG_ENABLE_MODULES = YES;
				CLANG_ENABLE_OBJC_ARC = YES;
				CLANG_ENABLE_OBJC_WEAK = YES;
				CLANG_WARN_BLOCK_CAPTURE_AUTORELEASING = YES;
				CLANG_WARN_BOOL_CONVERSION = YES;
				CLANG_WARN_COMMA = YES;
				CLANG_WARN_CONSTANT_CONVERSION = YES;
				CLANG_WARN_DEPRECATED_OBJC_IMPLEMENTATIONS = YES;
				CLANG_WARN_DIRECT_OBJC_ISA_USAGE = YES_ERROR;
				CLANG_WARN_DOCUMENTATION_COMMENTS = YES;
				CLANG_WARN_EMPTY_BODY = YES;
				CLANG_WARN_ENUM_CONVERSION = YES;
				CLANG_WARN_INFINITE_RECURSION = YES;
				CLANG_WARN_INT_CONVERSION = YES;
				CLANG_WARN_NON_LITERAL_NULL_CONVERSION = YES;
				CLANG_WARN_OBJC_IMPLICIT_RETAIN_SELF = YES;
				CLANG_WARN_OBJC_LITERAL_CONVERSION = YES;
				CLANG_WARN_OBJC_ROOT_CLASS = YES_ERROR;
				CLANG_WARN_QUOTED_INCLUDE_IN_FRAMEWORK_HEADER = YES;
				CLANG_WARN_RANGE_LOOP_ANALYSIS = YES;
				CLANG_WARN_STRICT_PROTOTYPES = YES;
				CLANG_WARN_SUSPICIOUS_MOVE = YES;
				CLANG_WARN_UNGUARDED_AVAILABILITY = YES_AGGRESSIVE;
				CLANG_WARN_UNREACHABLE_CODE = YES;
				CLANG_WARN__DUPLICATE_METHOD_MATCH = YES;
				COPY_PHASE_STRIP = NO;
				CURRENT_PROJECT_VERSION = 1;
				DEBUG_INFORMATION_FORMAT = dwarf;
				ENABLE_STRICT_OBJC_MSGSEND = YES;
				ENABLE_TESTABILITY = YES;
				ENABLE_USER_SCRIPT_SANDBOXING = YES;
				GCC_C_LANGUAGE_STANDARD = gnu17;
				GCC_DYNAMIC_NO_PIC = NO;
				GCC_NO_COMMON_BLOCKS = YES;
				GCC_OPTIMIZATION_LEVEL = 0;
				GCC_PREPROCESSOR_DEFINITIONS = (
					"DEBUG=1",
					"$(inherited)",
				);
				GCC_WARN_64_TO_32_BIT_CONVERSION = YES;
				GCC_WARN_ABOUT_RETURN_TYPE = YES_ERROR;
				GCC_WARN_UNDECLARED_SELECTOR = YES;
				GCC_WARN_UNINITIALIZED_AUTOS = YES_AGGRESSIVE;
				GCC_WARN_UNUSED_FUNCTION = YES;
				GCC_WARN_UNUSED_VARIABLE = YES;
				IPHONEOS_DEPLOYMENT_TARGET = 14.0;
				LOCALIZATION_PREFERS_STRING_CATALOGS = YES;
				MTL_ENABLE_DEBUG_INFO = INCLUDE_SOURCE;
				MTL_FAST_MATH = YES;
				ONLY_ACTIVE_ARCH = YES;
				SDKROOT = iphoneos;
				SWIFT_ACTIVE_COMPILATION_CONDITIONS = "DEBUG $(inherited)";
				SWIFT_OPTIMIZATION_LEVEL = "-Onone";
				VERSIONING_SYSTEM = "apple-generic";
				VERSION_INFO_PREFIX = "";
			};
			name = Debug;
		};
		F80D7C092B0212A70071124C /* Release */ = {
			isa = XCBuildConfiguration;
			buildSettings = {
				ALWAYS_SEARCH_USER_PATHS = NO;
				ASSETCATALOG_COMPILER_GENERATE_SWIFT_ASSET_SYMBOL_EXTENSIONS = YES;
				CLANG_ANALYZER_NONNULL = YES;
				CLANG_ANALYZER_NUMBER_OBJECT_CONVERSION = YES_AGGRESSIVE;
				CLANG_CXX_LANGUAGE_STANDARD = "gnu++20";
				CLANG_ENABLE_MODULES = YES;
				CLANG_ENABLE_OBJC_ARC = YES;
				CLANG_ENABLE_OBJC_WEAK = YES;
				CLANG_WARN_BLOCK_CAPTURE_AUTORELEASING = YES;
				CLANG_WARN_BOOL_CONVERSION = YES;
				CLANG_WARN_COMMA = YES;
				CLANG_WARN_CONSTANT_CONVERSION = YES;
				CLANG_WARN_DEPRECATED_OBJC_IMPLEMENTATIONS = YES;
				CLANG_WARN_DIRECT_OBJC_ISA_USAGE = YES_ERROR;
				CLANG_WARN_DOCUMENTATION_COMMENTS = YES;
				CLANG_WARN_EMPTY_BODY = YES;
				CLANG_WARN_ENUM_CONVERSION = YES;
				CLANG_WARN_INFINITE_RECURSION = YES;
				CLANG_WARN_INT_CONVERSION = YES;
				CLANG_WARN_NON_LITERAL_NULL_CONVERSION = YES;
				CLANG_WARN_OBJC_IMPLICIT_RETAIN_SELF = YES;
				CLANG_WARN_OBJC_LITERAL_CONVERSION = YES;
				CLANG_WARN_OBJC_ROOT_CLASS = YES_ERROR;
				CLANG_WARN_QUOTED_INCLUDE_IN_FRAMEWORK_HEADER = YES;
				CLANG_WARN_RANGE_LOOP_ANALYSIS = YES;
				CLANG_WARN_STRICT_PROTOTYPES = YES;
				CLANG_WARN_SUSPICIOUS_MOVE = YES;
				CLANG_WARN_UNGUARDED_AVAILABILITY = YES_AGGRESSIVE;
				CLANG_WARN_UNREACHABLE_CODE = YES;
				CLANG_WARN__DUPLICATE_METHOD_MATCH = YES;
				COPY_PHASE_STRIP = NO;
				CURRENT_PROJECT_VERSION = 1;
				DEBUG_INFORMATION_FORMAT = "dwarf-with-dsym";
				ENABLE_NS_ASSERTIONS = NO;
				ENABLE_STRICT_OBJC_MSGSEND = YES;
				ENABLE_USER_SCRIPT_SANDBOXING = YES;
				GCC_C_LANGUAGE_STANDARD = gnu17;
				GCC_NO_COMMON_BLOCKS = YES;
				GCC_WARN_64_TO_32_BIT_CONVERSION = YES;
				GCC_WARN_ABOUT_RETURN_TYPE = YES_ERROR;
				GCC_WARN_UNDECLARED_SELECTOR = YES;
				GCC_WARN_UNINITIALIZED_AUTOS = YES_AGGRESSIVE;
				GCC_WARN_UNUSED_FUNCTION = YES;
				GCC_WARN_UNUSED_VARIABLE = YES;
				IPHONEOS_DEPLOYMENT_TARGET = 14.0;
				LOCALIZATION_PREFERS_STRING_CATALOGS = YES;
				MTL_ENABLE_DEBUG_INFO = NO;
				MTL_FAST_MATH = YES;
				SDKROOT = iphoneos;
				SWIFT_COMPILATION_MODE = wholemodule;
				VALIDATE_PRODUCT = YES;
				VERSIONING_SYSTEM = "apple-generic";
				VERSION_INFO_PREFIX = "";
			};
			name = Release;
		};
		F80D7C0B2B0212A70071124C /* Debug */ = {
			isa = XCBuildConfiguration;
			buildSettings = {
				CLANG_ENABLE_MODULES = YES;
				CODE_SIGN_IDENTITY = "";
				CODE_SIGN_STYLE = Automatic;
				CURRENT_PROJECT_VERSION = 1;
				DEFINES_MODULE = YES;
				DEVELOPMENT_TEAM = 8N27URG699;
				DYLIB_COMPATIBILITY_VERSION = 1;
				DYLIB_CURRENT_VERSION = 1;
				DYLIB_INSTALL_NAME_BASE = "@rpath";
				ENABLE_MODULE_VERIFIER = YES;
				GENERATE_INFOPLIST_FILE = YES;
				INFOPLIST_KEY_NSHumanReadableCopyright = "";
				INSTALL_PATH = "$(LOCAL_LIBRARY_DIR)/Frameworks";
				LD_RUNPATH_SEARCH_PATHS = (
					"$(inherited)",
					"@executable_path/Frameworks",
					"@loader_path/Frameworks",
				);
				MARKETING_VERSION = 1.0;
				MODULE_VERIFIER_SUPPORTED_LANGUAGES = "objective-c objective-c++";
				MODULE_VERIFIER_SUPPORTED_LANGUAGE_STANDARDS = "gnu17 gnu++20";
				PRODUCT_BUNDLE_IDENTIFIER = ru.aifedorovrk.GFStorage;
				PRODUCT_NAME = "$(TARGET_NAME:c99extidentifier)";
				SKIP_INSTALL = YES;
				SWIFT_EMIT_LOC_STRINGS = YES;
				SWIFT_OPTIMIZATION_LEVEL = "-Onone";
				SWIFT_VERSION = 5.0;
				TARGETED_DEVICE_FAMILY = "1,2";
			};
			name = Debug;
		};
		F80D7C0C2B0212A70071124C /* Release */ = {
			isa = XCBuildConfiguration;
			buildSettings = {
				CLANG_ENABLE_MODULES = YES;
				CODE_SIGN_IDENTITY = "";
				CODE_SIGN_STYLE = Automatic;
				CURRENT_PROJECT_VERSION = 1;
				DEFINES_MODULE = YES;
				DEVELOPMENT_TEAM = 8N27URG699;
				DYLIB_COMPATIBILITY_VERSION = 1;
				DYLIB_CURRENT_VERSION = 1;
				DYLIB_INSTALL_NAME_BASE = "@rpath";
				ENABLE_MODULE_VERIFIER = YES;
				GENERATE_INFOPLIST_FILE = YES;
				INFOPLIST_KEY_NSHumanReadableCopyright = "";
				INSTALL_PATH = "$(LOCAL_LIBRARY_DIR)/Frameworks";
				LD_RUNPATH_SEARCH_PATHS = (
					"$(inherited)",
					"@executable_path/Frameworks",
					"@loader_path/Frameworks",
				);
				MARKETING_VERSION = 1.0;
				MODULE_VERIFIER_SUPPORTED_LANGUAGES = "objective-c objective-c++";
				MODULE_VERIFIER_SUPPORTED_LANGUAGE_STANDARDS = "gnu17 gnu++20";
				PRODUCT_BUNDLE_IDENTIFIER = ru.aifedorovrk.GFStorage;
				PRODUCT_NAME = "$(TARGET_NAME:c99extidentifier)";
				SKIP_INSTALL = YES;
				SWIFT_EMIT_LOC_STRINGS = YES;
				SWIFT_VERSION = 5.0;
				TARGETED_DEVICE_FAMILY = "1,2";
			};
			name = Release;
		};
		F80D7C0E2B0212A70071124C /* Debug */ = {
			isa = XCBuildConfiguration;
			buildSettings = {
				ALWAYS_EMBED_SWIFT_STANDARD_LIBRARIES = YES;
				CODE_SIGN_STYLE = Automatic;
				CURRENT_PROJECT_VERSION = 1;
				DEVELOPMENT_TEAM = 8N27URG699;
				GENERATE_INFOPLIST_FILE = YES;
				MARKETING_VERSION = 1.0;
				PRODUCT_BUNDLE_IDENTIFIER = ru.aifedorovrk.GFStorageTests;
				PRODUCT_NAME = "$(TARGET_NAME)";
				SWIFT_EMIT_LOC_STRINGS = NO;
				SWIFT_VERSION = 5.0;
				TARGETED_DEVICE_FAMILY = "1,2";
			};
			name = Debug;
		};
		F80D7C0F2B0212A70071124C /* Release */ = {
			isa = XCBuildConfiguration;
			buildSettings = {
				ALWAYS_EMBED_SWIFT_STANDARD_LIBRARIES = YES;
				CODE_SIGN_STYLE = Automatic;
				CURRENT_PROJECT_VERSION = 1;
				DEVELOPMENT_TEAM = 8N27URG699;
				GENERATE_INFOPLIST_FILE = YES;
				MARKETING_VERSION = 1.0;
				PRODUCT_BUNDLE_IDENTIFIER = ru.aifedorovrk.GFStorageTests;
				PRODUCT_NAME = "$(TARGET_NAME)";
				SWIFT_EMIT_LOC_STRINGS = NO;
				SWIFT_VERSION = 5.0;
				TARGETED_DEVICE_FAMILY = "1,2";
			};
			name = Release;
		};
/* End XCBuildConfiguration section */

/* Begin XCConfigurationList section */
		F80D7BF22B0212A70071124C /* Build configuration list for PBXProject "GFStorage" */ = {
			isa = XCConfigurationList;
			buildConfigurations = (
				F80D7C082B0212A70071124C /* Debug */,
				F80D7C092B0212A70071124C /* Release */,
			);
			defaultConfigurationIsVisible = 0;
			defaultConfigurationName = Release;
		};
		F80D7C0A2B0212A70071124C /* Build configuration list for PBXNativeTarget "GFStorage" */ = {
			isa = XCConfigurationList;
			buildConfigurations = (
				F80D7C0B2B0212A70071124C /* Debug */,
				F80D7C0C2B0212A70071124C /* Release */,
			);
			defaultConfigurationIsVisible = 0;
			defaultConfigurationName = Release;
		};
		F80D7C0D2B0212A70071124C /* Build configuration list for PBXNativeTarget "GFStorageTests" */ = {
			isa = XCConfigurationList;
			buildConfigurations = (
				F80D7C0E2B0212A70071124C /* Debug */,
				F80D7C0F2B0212A70071124C /* Release */,
			);
			defaultConfigurationIsVisible = 0;
			defaultConfigurationName = Release;
		};
/* End XCConfigurationList section */
	};
	rootObject = F80D7BEF2B0212A70071124C /* Project object */;
}
